// !$*UTF8*$!
{
	archiveVersion = 1;
	classes = {
	};
	objectVersion = 52;
	objects = {

/* Begin PBXBuildFile section */
		00A210A028E4B0D000587485 /* SwiftRichString in Frameworks */ = {isa = PBXBuildFile; productRef = 00A2109F28E4B0D000587485 /* SwiftRichString */; };
		0BCEEE261E6CC0B100F7D176 /* UITableView.swift in Sources */ = {isa = PBXBuildFile; fileRef = 0BCEEE251E6CC0B100F7D176 /* UITableView.swift */; };
		402EF4641E8C1CD700DBA425 /* NetworkMonitor.swift in Sources */ = {isa = PBXBuildFile; fileRef = 402EF4631E8C1CD700DBA425 /* NetworkMonitor.swift */; };
		670F30E01E8667E800A58FB1 /* ProposalListHeaderTableViewCell.swift in Sources */ = {isa = PBXBuildFile; fileRef = 670F30DF1E8667E800A58FB1 /* ProposalListHeaderTableViewCell.swift */; };
		670F30E21E86683200A58FB1 /* ProposalListHeaderTableViewCell.xib in Resources */ = {isa = PBXBuildFile; fileRef = 670F30E11E86683200A58FB1 /* ProposalListHeaderTableViewCell.xib */; };
		91121F8A20EAC58F00FE80E6 /* UIRefreshControl.swift in Sources */ = {isa = PBXBuildFile; fileRef = 91121F8920EAC58F00FE80E6 /* UIRefreshControl.swift */; };
		911432231EB9756500CCC0D0 /* Data.swift in Sources */ = {isa = PBXBuildFile; fileRef = 911432221EB9756500CCC0D0 /* Data.swift */; };
		9115A50320A0FDF100AC657E /* Sequence+Contributor.swift in Sources */ = {isa = PBXBuildFile; fileRef = 9115A50220A0FDF100AC657E /* Sequence+Contributor.swift */; };
		9116263C1E8DD16100E8DB77 /* Section.swift in Sources */ = {isa = PBXBuildFile; fileRef = 9116263B1E8DD16100E8DB77 /* Section.swift */; };
		91263BDC2487E32A000CBB39 /* CloudKit.framework in Frameworks */ = {isa = PBXBuildFile; fileRef = 91B1005C207AB9F200B65E02 /* CloudKit.framework */; };
		91263BDE2487E32C000CBB39 /* Reachability.framework in Frameworks */ = {isa = PBXBuildFile; fileRef = 91F05E631F034F78002738F4 /* Reachability.framework */; };
		91263BE22487E330000CBB39 /* UserNotifications.framework in Frameworks */ = {isa = PBXBuildFile; fileRef = 911432201EB96E2D00CCC0D0 /* UserNotifications.framework */; };
		912938D11E762C3000D2B2CF /* Formatter+ID.swift in Sources */ = {isa = PBXBuildFile; fileRef = 912938D01E762C3000D2B2CF /* Formatter+ID.swift */; };
		912938D31E766EE000D2B2CF /* Sequence.swift in Sources */ = {isa = PBXBuildFile; fileRef = 912938D21E766EE000D2B2CF /* Sequence.swift */; };
		912B15052085534B008EC81F /* Tag.swift in Sources */ = {isa = PBXBuildFile; fileRef = 912B15042085534B008EC81F /* Tag.swift */; };
		912B1508208553B3008EC81F /* Notifications.swift in Sources */ = {isa = PBXBuildFile; fileRef = 912B1507208553B3008EC81F /* Notifications.swift */; };
		913520EF20AA50D900EC04E0 /* CustomContent.swift in Sources */ = {isa = PBXBuildFile; fileRef = 913520EE20AA50D900EC04E0 /* CustomContent.swift */; };
		913520F220AA528900EC04E0 /* UNNotificationResponse.swift in Sources */ = {isa = PBXBuildFile; fileRef = 913520F120AA528900EC04E0 /* UNNotificationResponse.swift */; };
		91356A38203E656C00E5C625 /* URL.swift in Sources */ = {isa = PBXBuildFile; fileRef = 91356A37203E656C00E5C625 /* URL.swift */; };
		913AE7001E9725BA0097BCA5 /* UINavigationController.swift in Sources */ = {isa = PBXBuildFile; fileRef = 913AE6FF1E9725BA0097BCA5 /* UINavigationController.swift */; };
		913AE7031E9739F50097BCA5 /* ProfileView.swift in Sources */ = {isa = PBXBuildFile; fileRef = 913AE7021E9739F50097BCA5 /* ProfileView.swift */; };
		913AE7051E97418A0097BCA5 /* UIImageView.swift in Sources */ = {isa = PBXBuildFile; fileRef = 913AE7041E97418A0097BCA5 /* UIImageView.swift */; };
		913B711A203E2175007FE04B /* Implementation.swift in Sources */ = {isa = PBXBuildFile; fileRef = 913B7119203E2175007FE04B /* Implementation.swift */; };
		913B711D203E5F52007FE04B /* Implementation+Extension.swift in Sources */ = {isa = PBXBuildFile; fileRef = 913B711C203E5F52007FE04B /* Implementation+Extension.swift */; };
		91485DED1E6902A2008C4715 /* StatusLabel.swift in Sources */ = {isa = PBXBuildFile; fileRef = 91485DEC1E6902A2008C4715 /* StatusLabel.swift */; };
		91485DEF1E690A33008C4715 /* Protocols.swift in Sources */ = {isa = PBXBuildFile; fileRef = 91485DEE1E690A33008C4715 /* Protocols.swift */; };
		91494F6C20857AD200285857 /* Response.swift in Sources */ = {isa = PBXBuildFile; fileRef = 91494F6B20857AD200285857 /* Response.swift */; };
		914A5C1C1E7F5794005E653A /* ProposalDetailViewController.swift in Sources */ = {isa = PBXBuildFile; fileRef = 914A5C1B1E7F5794005E653A /* ProposalDetailViewController.swift */; };
		914A5C1E1E7F710C005E653A /* SegueRepresentable.swift in Sources */ = {isa = PBXBuildFile; fileRef = 914A5C1D1E7F710C005E653A /* SegueRepresentable.swift */; };
		914A5C231E7F97EF005E653A /* BaseViewController.swift in Sources */ = {isa = PBXBuildFile; fileRef = 914A5C221E7F97EF005E653A /* BaseViewController.swift */; };
		914B7199209E785D00906645 /* Contributor+Extension.swift in Sources */ = {isa = PBXBuildFile; fileRef = 914B7198209E785D00906645 /* Contributor+Extension.swift */; };
		914B719E209E9AA300906645 /* CustomSubtitleTableViewCell.swift in Sources */ = {isa = PBXBuildFile; fileRef = 914B719D209E9AA300906645 /* CustomSubtitleTableViewCell.swift */; };
		914B71A0209E9D3800906645 /* AboutDetailTableViewController.swift in Sources */ = {isa = PBXBuildFile; fileRef = 914B719F209E9D3800906645 /* AboutDetailTableViewController.swift */; };
		915265261E67659900C2AFDA /* AppDelegate.swift in Sources */ = {isa = PBXBuildFile; fileRef = 915265251E67659900C2AFDA /* AppDelegate.swift */; };
		9152652B1E67659A00C2AFDA /* Main.storyboard in Resources */ = {isa = PBXBuildFile; fileRef = 915265291E67659A00C2AFDA /* Main.storyboard */; };
		9152652D1E67659A00C2AFDA /* Assets.xcassets in Resources */ = {isa = PBXBuildFile; fileRef = 9152652C1E67659A00C2AFDA /* Assets.xcassets */; };
		915265301E67659A00C2AFDA /* LaunchScreen.storyboard in Resources */ = {isa = PBXBuildFile; fileRef = 9152652E1E67659A00C2AFDA /* LaunchScreen.storyboard */; };
		9152653B1E67659A00C2AFDA /* swift_evolutionTests.swift in Sources */ = {isa = PBXBuildFile; fileRef = 9152653A1E67659A00C2AFDA /* swift_evolutionTests.swift */; };
		915265461E67659A00C2AFDA /* swift_evolutionUITests.swift in Sources */ = {isa = PBXBuildFile; fileRef = 915265451E67659A00C2AFDA /* swift_evolutionUITests.swift */; };
		9152655F1E6777B600C2AFDA /* Service.swift in Sources */ = {isa = PBXBuildFile; fileRef = 9152655E1E6777B600C2AFDA /* Service.swift */; };
		915265611E67794C00C2AFDA /* Proposal.swift in Sources */ = {isa = PBXBuildFile; fileRef = 915265601E67794C00C2AFDA /* Proposal.swift */; };
		915265631E6779F500C2AFDA /* Person.swift in Sources */ = {isa = PBXBuildFile; fileRef = 915265621E6779F500C2AFDA /* Person.swift */; };
		915265651E677A3100C2AFDA /* Warning.swift in Sources */ = {isa = PBXBuildFile; fileRef = 915265641E677A3100C2AFDA /* Warning.swift */; };
		915265671E677A4F00C2AFDA /* Status.swift in Sources */ = {isa = PBXBuildFile; fileRef = 915265661E677A4E00C2AFDA /* Status.swift */; };
		915265731E677E1900C2AFDA /* Bug.swift in Sources */ = {isa = PBXBuildFile; fileRef = 915265721E677E1900C2AFDA /* Bug.swift */; };
		915265781E6781EF00C2AFDA /* Utils.swift in Sources */ = {isa = PBXBuildFile; fileRef = 915265771E6781EF00C2AFDA /* Utils.swift */; };
		9152657A1E67976F00C2AFDA /* Service+Evolution.swift in Sources */ = {isa = PBXBuildFile; fileRef = 915265791E67976F00C2AFDA /* Service+Evolution.swift */; };
		9152657C1E67A3AD00C2AFDA /* State.swift in Sources */ = {isa = PBXBuildFile; fileRef = 9152657B1E67A3AD00C2AFDA /* State.swift */; };
		9152657F1E67C64D00C2AFDA /* Formatter+State.swift in Sources */ = {isa = PBXBuildFile; fileRef = 9152657E1E67C64D00C2AFDA /* Formatter+State.swift */; };
		915265821E67D7A900C2AFDA /* ProposalTableViewCell.swift in Sources */ = {isa = PBXBuildFile; fileRef = 915265801E67D7A900C2AFDA /* ProposalTableViewCell.swift */; };
		915265831E67D7A900C2AFDA /* ProposalTableViewCell.xib in Resources */ = {isa = PBXBuildFile; fileRef = 915265811E67D7A900C2AFDA /* ProposalTableViewCell.xib */; };
		9152658A1E67E01800C2AFDA /* ListProposalsViewController.swift in Sources */ = {isa = PBXBuildFile; fileRef = 915265891E67E01800C2AFDA /* ListProposalsViewController.swift */; };
		9152658D1E67E12800C2AFDA /* BorderedLabel.swift in Sources */ = {isa = PBXBuildFile; fileRef = 9152658C1E67E12800C2AFDA /* BorderedLabel.swift */; };
		9152658F1E67E74700C2AFDA /* UIColor.swift in Sources */ = {isa = PBXBuildFile; fileRef = 9152658E1E67E74700C2AFDA /* UIColor.swift */; };
		915A883120A4C97200184F6E /* Section+Extension.swift in Sources */ = {isa = PBXBuildFile; fileRef = 915A883020A4C97200184F6E /* Section+Extension.swift */; };
		915A883420A4CA2000184F6E /* ItemProtocol+Extension.swift in Sources */ = {isa = PBXBuildFile; fileRef = 915A883320A4CA2000184F6E /* ItemProtocol+Extension.swift */; };
		915A883620A51DB900184F6E /* About+Extension.swift in Sources */ = {isa = PBXBuildFile; fileRef = 915A883520A51DB900184F6E /* About+Extension.swift */; };
		915F7DE21F0382C4001B298D /* NoConnectionView.xib in Resources */ = {isa = PBXBuildFile; fileRef = 915F7DE11F0382C4001B298D /* NoConnectionView.xib */; };
		915F7DE61F038322001B298D /* NoConnectionView.swift in Sources */ = {isa = PBXBuildFile; fileRef = 915F7DE51F038322001B298D /* NoConnectionView.swift */; };
		9168963E1E93469F00FC6913 /* Service+Github.swift in Sources */ = {isa = PBXBuildFile; fileRef = 9168963D1E93469F00FC6913 /* Service+Github.swift */; };
		916896411E935ABD00FC6913 /* ProfileViewController.swift in Sources */ = {isa = PBXBuildFile; fileRef = 916896401E935ABD00FC6913 /* ProfileViewController.swift */; };
		916896431E935ED700FC6913 /* Github+Profile.swift in Sources */ = {isa = PBXBuildFile; fileRef = 916896421E935ED700FC6913 /* Github+Profile.swift */; };
		917E4C3120A63C1600846C87 /* UIAlertController.swift in Sources */ = {isa = PBXBuildFile; fileRef = 917E4C3020A63C1600846C87 /* UIAlertController.swift */; };
		917E4C7220A7588F00846C87 /* SwitchTableViewCell.xib in Resources */ = {isa = PBXBuildFile; fileRef = 917E4C7120A7588F00846C87 /* SwitchTableViewCell.xib */; };
		917E4C7420A758C700846C87 /* SwitchTableViewCell.swift in Sources */ = {isa = PBXBuildFile; fileRef = 917E4C7320A758C700846C87 /* SwitchTableViewCell.swift */; };
		917E4C7620A75BC800846C87 /* SettingsTableViewController.swift in Sources */ = {isa = PBXBuildFile; fileRef = 917E4C7520A75BC800846C87 /* SettingsTableViewController.swift */; };
		917E4C7920A7643400846C87 /* DescriptionView.xib in Resources */ = {isa = PBXBuildFile; fileRef = 917E4C7820A7643400846C87 /* DescriptionView.xib */; };
		917E4C7B20A7644800846C87 /* DescriptionView.swift in Sources */ = {isa = PBXBuildFile; fileRef = 917E4C7A20A7644800846C87 /* DescriptionView.swift */; };
		917E4C7D20A77A5200846C87 /* CustomSubtitleTableViewCell.xib in Resources */ = {isa = PBXBuildFile; fileRef = 917E4C7C20A77A5200846C87 /* CustomSubtitleTableViewCell.xib */; };
		9183657F248F89F500C471D5 /* AppCenterCrashes.framework in Frameworks */ = {isa = PBXBuildFile; fileRef = 9183657C248F89F500C471D5 /* AppCenterCrashes.framework */; };
		91836580248F89F500C471D5 /* AppCenter.framework in Frameworks */ = {isa = PBXBuildFile; fileRef = 9183657D248F89F500C471D5 /* AppCenter.framework */; };
		91836581248F89F500C471D5 /* AppCenterAnalytics.framework in Frameworks */ = {isa = PBXBuildFile; fileRef = 9183657E248F89F500C471D5 /* AppCenterAnalytics.framework */; };
		9192CC541E8CC1CD00953357 /* AboutViewController.swift in Sources */ = {isa = PBXBuildFile; fileRef = 9192CC531E8CC1CD00953357 /* AboutViewController.swift */; };
		919A1D372076D6390042A13B /* Encodable.swift in Sources */ = {isa = PBXBuildFile; fileRef = 919A1D342076D6380042A13B /* Encodable.swift */; };
		919A1D382076D6390042A13B /* UIDevice.swift in Sources */ = {isa = PBXBuildFile; fileRef = 919A1D362076D6390042A13B /* UIDevice.swift */; };
		919A1D3A2076D70C0042A13B /* Service+Notifications.swift in Sources */ = {isa = PBXBuildFile; fileRef = 919A1D392076D70C0042A13B /* Service+Notifications.swift */; };
		919A1D3E2076D7A50042A13B /* Track.swift in Sources */ = {isa = PBXBuildFile; fileRef = 919A1D3C2076D7A50042A13B /* Track.swift */; };
		919A1D3F2076D7A50042A13B /* Device.swift in Sources */ = {isa = PBXBuildFile; fileRef = 919A1D3D2076D7A50042A13B /* Device.swift */; };
		91A454871EB99B6C00098A6B /* Environment.swift in Sources */ = {isa = PBXBuildFile; fileRef = 91A454861EB99B6C00098A6B /* Environment.swift */; };
		91B1006A207ADCA300B65E02 /* User.swift in Sources */ = {isa = PBXBuildFile; fileRef = 91B10069207ADCA300B65E02 /* User.swift */; };
		91B1006C207ADDAB00B65E02 /* Service+CloudKit.swift in Sources */ = {isa = PBXBuildFile; fileRef = 91B1006B207ADDAB00B65E02 /* Service+CloudKit.swift */; };
		91B246091E98BF2B00904DE3 /* Dictionary.swift in Sources */ = {isa = PBXBuildFile; fileRef = 91B246081E98BF2B00904DE3 /* Dictionary.swift */; };
		91B2460B1E99BC4100904DE3 /* Routes.swift in Sources */ = {isa = PBXBuildFile; fileRef = 91B2460A1E99BC4100904DE3 /* Routes.swift */; };
		91B88F12248D593C00F69B69 /* MarkdownSyntax in Frameworks */ = {isa = PBXBuildFile; productRef = 91B88F11248D593C00F69B69 /* MarkdownSyntax */; };
		91B88F18248D5DEE00F69B69 /* Markdown.bundle in Resources */ = {isa = PBXBuildFile; fileRef = 91B88F17248D5DEE00F69B69 /* Markdown.bundle */; };
		91B88F1C248D73ED00F69B69 /* MarkdownView.swift in Sources */ = {isa = PBXBuildFile; fileRef = 91B88F1B248D73ED00F69B69 /* MarkdownView.swift */; };
		91B88F1F248D7BB600F69B69 /* MarkdownResources.swift in Sources */ = {isa = PBXBuildFile; fileRef = 91B88F1E248D7BB600F69B69 /* MarkdownResources.swift */; };
		91D5895E1E7E251200FE958D /* Formatter+GithubUser.swift in Sources */ = {isa = PBXBuildFile; fileRef = 91D5895D1E7E251200FE958D /* Formatter+GithubUser.swift */; };
		91D589611E7E43D300FE958D /* Person+Extension.swift in Sources */ = {isa = PBXBuildFile; fileRef = 91D589601E7E43D300FE958D /* Person+Extension.swift */; };
		91D589631E7E43F400FE958D /* Proposal+Extension.swift in Sources */ = {isa = PBXBuildFile; fileRef = 91D589621E7E43F400FE958D /* Proposal+Extension.swift */; };
		91D589651E7E441C00FE958D /* Status+Extension.swift in Sources */ = {isa = PBXBuildFile; fileRef = 91D589641E7E441C00FE958D /* Status+Extension.swift */; };
		91D589691E7E4E4A00FE958D /* Bug+Extension.swift in Sources */ = {isa = PBXBuildFile; fileRef = 91D589681E7E4E4A00FE958D /* Bug+Extension.swift */; };
		91D5896B1E7E538600FE958D /* State+Extension.swift in Sources */ = {isa = PBXBuildFile; fileRef = 91D5896A1E7E538600FE958D /* State+Extension.swift */; };
		91DAF71320B046FB00A2EC9A /* Navigation.swift in Sources */ = {isa = PBXBuildFile; fileRef = 91DAF71220B046FB00A2EC9A /* Navigation.swift */; };
		91DEBB172076F5C7000BB6A9 /* RequestSettings.swift in Sources */ = {isa = PBXBuildFile; fileRef = 91DEBB162076F5C7000BB6A9 /* RequestSettings.swift */; };
		91E1500D1E6A758100025B77 /* String.swift in Sources */ = {isa = PBXBuildFile; fileRef = 91E1500C1E6A758100025B77 /* String.swift */; };
		91E150101E6BBBA400025B77 /* FilterHeaderView.swift in Sources */ = {isa = PBXBuildFile; fileRef = 91E1500F1E6BBBA400025B77 /* FilterHeaderView.swift */; };
		91E150161E6BBCC100025B77 /* FilterCollectionViewCell.swift in Sources */ = {isa = PBXBuildFile; fileRef = 91E150141E6BBCC100025B77 /* FilterCollectionViewCell.swift */; };
		91E150171E6BBCC100025B77 /* FilterCollectionViewCell.xib in Resources */ = {isa = PBXBuildFile; fileRef = 91E150151E6BBCC100025B77 /* FilterCollectionViewCell.xib */; };
		91E150201E6BF0BC00025B77 /* FilterListGenericView.swift in Sources */ = {isa = PBXBuildFile; fileRef = 91E1501F1E6BF0BC00025B77 /* FilterListGenericView.swift */; };
		91E150221E6CCDD300025B77 /* UIView.swift in Sources */ = {isa = PBXBuildFile; fileRef = 91E150211E6CCDD300025B77 /* UIView.swift */; };
		91E150241E6CF37900025B77 /* UICollectionView.swift in Sources */ = {isa = PBXBuildFile; fileRef = 91E150231E6CF37900025B77 /* UICollectionView.swift */; };
		91E150281E6D15B100025B77 /* DGCollectionViewLeftAlignFlowLayout.swift in Sources */ = {isa = PBXBuildFile; fileRef = 91E150271E6D15B100025B77 /* DGCollectionViewLeftAlignFlowLayout.swift */; };
		91E1502A1E6D250E00025B77 /* Array.swift in Sources */ = {isa = PBXBuildFile; fileRef = 91E150291E6D250E00025B77 /* Array.swift */; };
		A2B7B61C2046F6F20022FA74 /* ProposalDetailViewControllerTests.swift in Sources */ = {isa = PBXBuildFile; fileRef = A2B7B61B2046F6F20022FA74 /* ProposalDetailViewControllerTests.swift */; };
/* End PBXBuildFile section */

/* Begin PBXContainerItemProxy section */
		915265371E67659A00C2AFDA /* PBXContainerItemProxy */ = {
			isa = PBXContainerItemProxy;
			containerPortal = 9152651A1E67659900C2AFDA /* Project object */;
			proxyType = 1;
			remoteGlobalIDString = 915265211E67659900C2AFDA;
			remoteInfo = "swift-evolution";
		};
		915265421E67659A00C2AFDA /* PBXContainerItemProxy */ = {
			isa = PBXContainerItemProxy;
			containerPortal = 9152651A1E67659900C2AFDA /* Project object */;
			proxyType = 1;
			remoteGlobalIDString = 915265211E67659900C2AFDA;
			remoteInfo = "swift-evolution";
		};
/* End PBXContainerItemProxy section */

/* Begin PBXFileReference section */
		0BCEEE251E6CC0B100F7D176 /* UITableView.swift */ = {isa = PBXFileReference; fileEncoding = 4; lastKnownFileType = sourcecode.swift; path = UITableView.swift; sourceTree = "<group>"; };
		402EF4631E8C1CD700DBA425 /* NetworkMonitor.swift */ = {isa = PBXFileReference; fileEncoding = 4; lastKnownFileType = sourcecode.swift; path = NetworkMonitor.swift; sourceTree = "<group>"; };
		670F30DF1E8667E800A58FB1 /* ProposalListHeaderTableViewCell.swift */ = {isa = PBXFileReference; fileEncoding = 4; lastKnownFileType = sourcecode.swift; path = ProposalListHeaderTableViewCell.swift; sourceTree = "<group>"; };
		670F30E11E86683200A58FB1 /* ProposalListHeaderTableViewCell.xib */ = {isa = PBXFileReference; fileEncoding = 4; lastKnownFileType = file.xib; path = ProposalListHeaderTableViewCell.xib; sourceTree = "<group>"; };
		91121F8920EAC58F00FE80E6 /* UIRefreshControl.swift */ = {isa = PBXFileReference; lastKnownFileType = sourcecode.swift; path = UIRefreshControl.swift; sourceTree = "<group>"; };
		9114321F1EB963BD00CCC0D0 /* swift-evolution.entitlements */ = {isa = PBXFileReference; lastKnownFileType = text.plist.entitlements; path = "swift-evolution.entitlements"; sourceTree = "<group>"; };
		911432201EB96E2D00CCC0D0 /* UserNotifications.framework */ = {isa = PBXFileReference; lastKnownFileType = wrapper.framework; name = UserNotifications.framework; path = System/Library/Frameworks/UserNotifications.framework; sourceTree = SDKROOT; };
		911432221EB9756500CCC0D0 /* Data.swift */ = {isa = PBXFileReference; fileEncoding = 4; lastKnownFileType = sourcecode.swift; path = Data.swift; sourceTree = "<group>"; };
		9115A50220A0FDF100AC657E /* Sequence+Contributor.swift */ = {isa = PBXFileReference; lastKnownFileType = sourcecode.swift; path = "Sequence+Contributor.swift"; sourceTree = "<group>"; };
		9116263B1E8DD16100E8DB77 /* Section.swift */ = {isa = PBXFileReference; fileEncoding = 4; lastKnownFileType = sourcecode.swift; path = Section.swift; sourceTree = "<group>"; };
		912938D01E762C3000D2B2CF /* Formatter+ID.swift */ = {isa = PBXFileReference; fileEncoding = 4; lastKnownFileType = sourcecode.swift; path = "Formatter+ID.swift"; sourceTree = "<group>"; };
		912938D21E766EE000D2B2CF /* Sequence.swift */ = {isa = PBXFileReference; fileEncoding = 4; lastKnownFileType = sourcecode.swift; path = Sequence.swift; sourceTree = "<group>"; };
		912B15042085534B008EC81F /* Tag.swift */ = {isa = PBXFileReference; lastKnownFileType = sourcecode.swift; path = Tag.swift; sourceTree = "<group>"; };
		912B1507208553B3008EC81F /* Notifications.swift */ = {isa = PBXFileReference; lastKnownFileType = sourcecode.swift; path = Notifications.swift; sourceTree = "<group>"; };
		913520EE20AA50D900EC04E0 /* CustomContent.swift */ = {isa = PBXFileReference; lastKnownFileType = sourcecode.swift; path = CustomContent.swift; sourceTree = "<group>"; };
		913520F120AA528900EC04E0 /* UNNotificationResponse.swift */ = {isa = PBXFileReference; lastKnownFileType = sourcecode.swift; path = UNNotificationResponse.swift; sourceTree = "<group>"; };
		91356A37203E656C00E5C625 /* URL.swift */ = {isa = PBXFileReference; lastKnownFileType = sourcecode.swift; path = URL.swift; sourceTree = "<group>"; };
		913AE6FF1E9725BA0097BCA5 /* UINavigationController.swift */ = {isa = PBXFileReference; fileEncoding = 4; lastKnownFileType = sourcecode.swift; path = UINavigationController.swift; sourceTree = "<group>"; };
		913AE7021E9739F50097BCA5 /* ProfileView.swift */ = {isa = PBXFileReference; fileEncoding = 4; lastKnownFileType = sourcecode.swift; path = ProfileView.swift; sourceTree = "<group>"; };
		913AE7041E97418A0097BCA5 /* UIImageView.swift */ = {isa = PBXFileReference; fileEncoding = 4; lastKnownFileType = sourcecode.swift; path = UIImageView.swift; sourceTree = "<group>"; };
		913B7119203E2175007FE04B /* Implementation.swift */ = {isa = PBXFileReference; lastKnownFileType = sourcecode.swift; path = Implementation.swift; sourceTree = "<group>"; };
		913B711C203E5F52007FE04B /* Implementation+Extension.swift */ = {isa = PBXFileReference; lastKnownFileType = sourcecode.swift; path = "Implementation+Extension.swift"; sourceTree = "<group>"; };
		91485DEC1E6902A2008C4715 /* StatusLabel.swift */ = {isa = PBXFileReference; fileEncoding = 4; lastKnownFileType = sourcecode.swift; path = StatusLabel.swift; sourceTree = "<group>"; };
		91485DEE1E690A33008C4715 /* Protocols.swift */ = {isa = PBXFileReference; fileEncoding = 4; lastKnownFileType = sourcecode.swift; path = Protocols.swift; sourceTree = "<group>"; };
		91494F6B20857AD200285857 /* Response.swift */ = {isa = PBXFileReference; lastKnownFileType = sourcecode.swift; path = Response.swift; sourceTree = "<group>"; };
		914A5C1B1E7F5794005E653A /* ProposalDetailViewController.swift */ = {isa = PBXFileReference; fileEncoding = 4; lastKnownFileType = sourcecode.swift; path = ProposalDetailViewController.swift; sourceTree = "<group>"; };
		914A5C1D1E7F710C005E653A /* SegueRepresentable.swift */ = {isa = PBXFileReference; fileEncoding = 4; lastKnownFileType = sourcecode.swift; path = SegueRepresentable.swift; sourceTree = "<group>"; };
		914A5C221E7F97EF005E653A /* BaseViewController.swift */ = {isa = PBXFileReference; fileEncoding = 4; lastKnownFileType = sourcecode.swift; path = BaseViewController.swift; sourceTree = "<group>"; };
		914B7198209E785D00906645 /* Contributor+Extension.swift */ = {isa = PBXFileReference; lastKnownFileType = sourcecode.swift; path = "Contributor+Extension.swift"; sourceTree = "<group>"; };
		914B719D209E9AA300906645 /* CustomSubtitleTableViewCell.swift */ = {isa = PBXFileReference; lastKnownFileType = sourcecode.swift; path = CustomSubtitleTableViewCell.swift; sourceTree = "<group>"; };
		914B719F209E9D3800906645 /* AboutDetailTableViewController.swift */ = {isa = PBXFileReference; lastKnownFileType = sourcecode.swift; path = AboutDetailTableViewController.swift; sourceTree = "<group>"; };
		915265221E67659900C2AFDA /* swift-evolution.app */ = {isa = PBXFileReference; explicitFileType = wrapper.application; includeInIndex = 0; path = "swift-evolution.app"; sourceTree = BUILT_PRODUCTS_DIR; };
		915265251E67659900C2AFDA /* AppDelegate.swift */ = {isa = PBXFileReference; lastKnownFileType = sourcecode.swift; path = AppDelegate.swift; sourceTree = "<group>"; };
		9152652A1E67659A00C2AFDA /* Base */ = {isa = PBXFileReference; lastKnownFileType = file.storyboard; name = Base; path = Base.lproj/Main.storyboard; sourceTree = "<group>"; };
		9152652C1E67659A00C2AFDA /* Assets.xcassets */ = {isa = PBXFileReference; lastKnownFileType = folder.assetcatalog; path = Assets.xcassets; sourceTree = "<group>"; };
		9152652F1E67659A00C2AFDA /* Base */ = {isa = PBXFileReference; lastKnownFileType = file.storyboard; name = Base; path = Base.lproj/LaunchScreen.storyboard; sourceTree = "<group>"; };
		915265311E67659A00C2AFDA /* Info.plist */ = {isa = PBXFileReference; lastKnownFileType = text.plist.xml; path = Info.plist; sourceTree = "<group>"; };
		915265361E67659A00C2AFDA /* swift-evolutionTests.xctest */ = {isa = PBXFileReference; explicitFileType = wrapper.cfbundle; includeInIndex = 0; path = "swift-evolutionTests.xctest"; sourceTree = BUILT_PRODUCTS_DIR; };
		9152653A1E67659A00C2AFDA /* swift_evolutionTests.swift */ = {isa = PBXFileReference; lastKnownFileType = sourcecode.swift; path = swift_evolutionTests.swift; sourceTree = "<group>"; };
		9152653C1E67659A00C2AFDA /* Info.plist */ = {isa = PBXFileReference; lastKnownFileType = text.plist.xml; path = Info.plist; sourceTree = "<group>"; };
		915265411E67659A00C2AFDA /* swift-evolutionUITests.xctest */ = {isa = PBXFileReference; explicitFileType = wrapper.cfbundle; includeInIndex = 0; path = "swift-evolutionUITests.xctest"; sourceTree = BUILT_PRODUCTS_DIR; };
		915265451E67659A00C2AFDA /* swift_evolutionUITests.swift */ = {isa = PBXFileReference; lastKnownFileType = sourcecode.swift; path = swift_evolutionUITests.swift; sourceTree = "<group>"; };
		915265471E67659A00C2AFDA /* Info.plist */ = {isa = PBXFileReference; lastKnownFileType = text.plist.xml; path = Info.plist; sourceTree = "<group>"; };
		9152655E1E6777B600C2AFDA /* Service.swift */ = {isa = PBXFileReference; fileEncoding = 4; lastKnownFileType = sourcecode.swift; path = Service.swift; sourceTree = "<group>"; };
		915265601E67794C00C2AFDA /* Proposal.swift */ = {isa = PBXFileReference; fileEncoding = 4; lastKnownFileType = sourcecode.swift; path = Proposal.swift; sourceTree = "<group>"; };
		915265621E6779F500C2AFDA /* Person.swift */ = {isa = PBXFileReference; fileEncoding = 4; lastKnownFileType = sourcecode.swift; path = Person.swift; sourceTree = "<group>"; };
		915265641E677A3100C2AFDA /* Warning.swift */ = {isa = PBXFileReference; fileEncoding = 4; lastKnownFileType = sourcecode.swift; path = Warning.swift; sourceTree = "<group>"; };
		915265661E677A4E00C2AFDA /* Status.swift */ = {isa = PBXFileReference; fileEncoding = 4; lastKnownFileType = sourcecode.swift; path = Status.swift; sourceTree = "<group>"; };
		915265721E677E1900C2AFDA /* Bug.swift */ = {isa = PBXFileReference; fileEncoding = 4; lastKnownFileType = sourcecode.swift; path = Bug.swift; sourceTree = "<group>"; };
		915265771E6781EF00C2AFDA /* Utils.swift */ = {isa = PBXFileReference; fileEncoding = 4; lastKnownFileType = sourcecode.swift; path = Utils.swift; sourceTree = "<group>"; };
		915265791E67976F00C2AFDA /* Service+Evolution.swift */ = {isa = PBXFileReference; fileEncoding = 4; lastKnownFileType = sourcecode.swift; path = "Service+Evolution.swift"; sourceTree = "<group>"; };
		9152657B1E67A3AD00C2AFDA /* State.swift */ = {isa = PBXFileReference; fileEncoding = 4; lastKnownFileType = sourcecode.swift; path = State.swift; sourceTree = "<group>"; };
		9152657E1E67C64D00C2AFDA /* Formatter+State.swift */ = {isa = PBXFileReference; fileEncoding = 4; lastKnownFileType = sourcecode.swift; path = "Formatter+State.swift"; sourceTree = "<group>"; };
		915265801E67D7A900C2AFDA /* ProposalTableViewCell.swift */ = {isa = PBXFileReference; fileEncoding = 4; lastKnownFileType = sourcecode.swift; path = ProposalTableViewCell.swift; sourceTree = "<group>"; };
		915265811E67D7A900C2AFDA /* ProposalTableViewCell.xib */ = {isa = PBXFileReference; fileEncoding = 4; lastKnownFileType = file.xib; path = ProposalTableViewCell.xib; sourceTree = "<group>"; };
		915265891E67E01800C2AFDA /* ListProposalsViewController.swift */ = {isa = PBXFileReference; fileEncoding = 4; lastKnownFileType = sourcecode.swift; path = ListProposalsViewController.swift; sourceTree = "<group>"; };
		9152658C1E67E12800C2AFDA /* BorderedLabel.swift */ = {isa = PBXFileReference; fileEncoding = 4; lastKnownFileType = sourcecode.swift; path = BorderedLabel.swift; sourceTree = "<group>"; };
		9152658E1E67E74700C2AFDA /* UIColor.swift */ = {isa = PBXFileReference; fileEncoding = 4; lastKnownFileType = sourcecode.swift; path = UIColor.swift; sourceTree = "<group>"; };
		915A883020A4C97200184F6E /* Section+Extension.swift */ = {isa = PBXFileReference; lastKnownFileType = sourcecode.swift; path = "Section+Extension.swift"; sourceTree = "<group>"; };
		915A883320A4CA2000184F6E /* ItemProtocol+Extension.swift */ = {isa = PBXFileReference; lastKnownFileType = sourcecode.swift; path = "ItemProtocol+Extension.swift"; sourceTree = "<group>"; };
		915A883520A51DB900184F6E /* About+Extension.swift */ = {isa = PBXFileReference; lastKnownFileType = sourcecode.swift; path = "About+Extension.swift"; sourceTree = "<group>"; };
		915F7DE11F0382C4001B298D /* NoConnectionView.xib */ = {isa = PBXFileReference; fileEncoding = 4; lastKnownFileType = file.xib; path = NoConnectionView.xib; sourceTree = "<group>"; };
		915F7DE51F038322001B298D /* NoConnectionView.swift */ = {isa = PBXFileReference; fileEncoding = 4; lastKnownFileType = sourcecode.swift; path = NoConnectionView.swift; sourceTree = "<group>"; };
		9168963D1E93469F00FC6913 /* Service+Github.swift */ = {isa = PBXFileReference; fileEncoding = 4; lastKnownFileType = sourcecode.swift; path = "Service+Github.swift"; sourceTree = "<group>"; };
		916896401E935ABD00FC6913 /* ProfileViewController.swift */ = {isa = PBXFileReference; fileEncoding = 4; lastKnownFileType = sourcecode.swift; path = ProfileViewController.swift; sourceTree = "<group>"; };
		916896421E935ED700FC6913 /* Github+Profile.swift */ = {isa = PBXFileReference; fileEncoding = 4; lastKnownFileType = sourcecode.swift; path = "Github+Profile.swift"; sourceTree = "<group>"; };
		917E4C3020A63C1600846C87 /* UIAlertController.swift */ = {isa = PBXFileReference; lastKnownFileType = sourcecode.swift; path = UIAlertController.swift; sourceTree = "<group>"; };
		917E4C7120A7588F00846C87 /* SwitchTableViewCell.xib */ = {isa = PBXFileReference; fileEncoding = 4; lastKnownFileType = file.xib; path = SwitchTableViewCell.xib; sourceTree = "<group>"; };
		917E4C7320A758C700846C87 /* SwitchTableViewCell.swift */ = {isa = PBXFileReference; fileEncoding = 4; lastKnownFileType = sourcecode.swift; name = SwitchTableViewCell.swift; path = "swift-evolution/sourcecode/utils/views/uitableviewcell/SwitchTableViewCell.swift"; sourceTree = SOURCE_ROOT; };
		917E4C7520A75BC800846C87 /* SettingsTableViewController.swift */ = {isa = PBXFileReference; lastKnownFileType = sourcecode.swift; path = SettingsTableViewController.swift; sourceTree = "<group>"; };
		917E4C7820A7643400846C87 /* DescriptionView.xib */ = {isa = PBXFileReference; lastKnownFileType = file.xib; path = DescriptionView.xib; sourceTree = "<group>"; };
		917E4C7A20A7644800846C87 /* DescriptionView.swift */ = {isa = PBXFileReference; lastKnownFileType = sourcecode.swift; path = DescriptionView.swift; sourceTree = "<group>"; };
		917E4C7C20A77A5200846C87 /* CustomSubtitleTableViewCell.xib */ = {isa = PBXFileReference; lastKnownFileType = file.xib; path = CustomSubtitleTableViewCell.xib; sourceTree = "<group>"; };
		9183657C248F89F500C471D5 /* AppCenterCrashes.framework */ = {isa = PBXFileReference; lastKnownFileType = wrapper.framework; name = AppCenterCrashes.framework; path = Carthage/Build/iOS/AppCenterCrashes.framework; sourceTree = "<group>"; };
		9183657D248F89F500C471D5 /* AppCenter.framework */ = {isa = PBXFileReference; lastKnownFileType = wrapper.framework; name = AppCenter.framework; path = Carthage/Build/iOS/AppCenter.framework; sourceTree = "<group>"; };
		9183657E248F89F500C471D5 /* AppCenterAnalytics.framework */ = {isa = PBXFileReference; lastKnownFileType = wrapper.framework; name = AppCenterAnalytics.framework; path = Carthage/Build/iOS/AppCenterAnalytics.framework; sourceTree = "<group>"; };
		9192CC531E8CC1CD00953357 /* AboutViewController.swift */ = {isa = PBXFileReference; fileEncoding = 4; lastKnownFileType = sourcecode.swift; path = AboutViewController.swift; sourceTree = "<group>"; };
		919A1D342076D6380042A13B /* Encodable.swift */ = {isa = PBXFileReference; fileEncoding = 4; lastKnownFileType = sourcecode.swift; path = Encodable.swift; sourceTree = "<group>"; };
		919A1D362076D6390042A13B /* UIDevice.swift */ = {isa = PBXFileReference; fileEncoding = 4; lastKnownFileType = sourcecode.swift; path = UIDevice.swift; sourceTree = "<group>"; };
		919A1D392076D70C0042A13B /* Service+Notifications.swift */ = {isa = PBXFileReference; lastKnownFileType = sourcecode.swift; path = "Service+Notifications.swift"; sourceTree = "<group>"; };
		919A1D3C2076D7A50042A13B /* Track.swift */ = {isa = PBXFileReference; fileEncoding = 4; lastKnownFileType = sourcecode.swift; path = Track.swift; sourceTree = "<group>"; };
		919A1D3D2076D7A50042A13B /* Device.swift */ = {isa = PBXFileReference; fileEncoding = 4; lastKnownFileType = sourcecode.swift; path = Device.swift; sourceTree = "<group>"; };
		91A454861EB99B6C00098A6B /* Environment.swift */ = {isa = PBXFileReference; fileEncoding = 4; lastKnownFileType = sourcecode.swift; path = Environment.swift; sourceTree = "<group>"; };
		91B1005C207AB9F200B65E02 /* CloudKit.framework */ = {isa = PBXFileReference; lastKnownFileType = wrapper.framework; name = CloudKit.framework; path = System/Library/Frameworks/CloudKit.framework; sourceTree = SDKROOT; };
		91B10069207ADCA300B65E02 /* User.swift */ = {isa = PBXFileReference; lastKnownFileType = sourcecode.swift; path = User.swift; sourceTree = "<group>"; };
		91B1006B207ADDAB00B65E02 /* Service+CloudKit.swift */ = {isa = PBXFileReference; lastKnownFileType = sourcecode.swift; path = "Service+CloudKit.swift"; sourceTree = "<group>"; };
		91B246081E98BF2B00904DE3 /* Dictionary.swift */ = {isa = PBXFileReference; fileEncoding = 4; lastKnownFileType = sourcecode.swift; path = Dictionary.swift; sourceTree = "<group>"; };
		91B2460A1E99BC4100904DE3 /* Routes.swift */ = {isa = PBXFileReference; fileEncoding = 4; lastKnownFileType = sourcecode.swift; path = Routes.swift; sourceTree = "<group>"; };
		91B88F17248D5DEE00F69B69 /* Markdown.bundle */ = {isa = PBXFileReference; lastKnownFileType = "wrapper.plug-in"; path = Markdown.bundle; sourceTree = "<group>"; };
		91B88F1B248D73ED00F69B69 /* MarkdownView.swift */ = {isa = PBXFileReference; lastKnownFileType = sourcecode.swift; path = MarkdownView.swift; sourceTree = "<group>"; };
		91B88F1E248D7BB600F69B69 /* MarkdownResources.swift */ = {isa = PBXFileReference; lastKnownFileType = sourcecode.swift; path = MarkdownResources.swift; sourceTree = "<group>"; };
		91D5895D1E7E251200FE958D /* Formatter+GithubUser.swift */ = {isa = PBXFileReference; fileEncoding = 4; lastKnownFileType = sourcecode.swift; path = "Formatter+GithubUser.swift"; sourceTree = "<group>"; };
		91D589601E7E43D300FE958D /* Person+Extension.swift */ = {isa = PBXFileReference; fileEncoding = 4; lastKnownFileType = sourcecode.swift; path = "Person+Extension.swift"; sourceTree = "<group>"; };
		91D589621E7E43F400FE958D /* Proposal+Extension.swift */ = {isa = PBXFileReference; fileEncoding = 4; lastKnownFileType = sourcecode.swift; path = "Proposal+Extension.swift"; sourceTree = "<group>"; };
		91D589641E7E441C00FE958D /* Status+Extension.swift */ = {isa = PBXFileReference; fileEncoding = 4; lastKnownFileType = sourcecode.swift; path = "Status+Extension.swift"; sourceTree = "<group>"; };
		91D589681E7E4E4A00FE958D /* Bug+Extension.swift */ = {isa = PBXFileReference; fileEncoding = 4; lastKnownFileType = sourcecode.swift; path = "Bug+Extension.swift"; sourceTree = "<group>"; };
		91D5896A1E7E538600FE958D /* State+Extension.swift */ = {isa = PBXFileReference; fileEncoding = 4; lastKnownFileType = sourcecode.swift; path = "State+Extension.swift"; sourceTree = "<group>"; };
		91DAF71220B046FB00A2EC9A /* Navigation.swift */ = {isa = PBXFileReference; lastKnownFileType = sourcecode.swift; path = Navigation.swift; sourceTree = "<group>"; };
		91DEBB162076F5C7000BB6A9 /* RequestSettings.swift */ = {isa = PBXFileReference; lastKnownFileType = sourcecode.swift; path = RequestSettings.swift; sourceTree = "<group>"; };
		91E1500C1E6A758100025B77 /* String.swift */ = {isa = PBXFileReference; fileEncoding = 4; lastKnownFileType = sourcecode.swift; path = String.swift; sourceTree = "<group>"; };
		91E1500F1E6BBBA400025B77 /* FilterHeaderView.swift */ = {isa = PBXFileReference; fileEncoding = 4; lastKnownFileType = sourcecode.swift; path = FilterHeaderView.swift; sourceTree = "<group>"; };
		91E150141E6BBCC100025B77 /* FilterCollectionViewCell.swift */ = {isa = PBXFileReference; fileEncoding = 4; lastKnownFileType = sourcecode.swift; path = FilterCollectionViewCell.swift; sourceTree = "<group>"; };
		91E150151E6BBCC100025B77 /* FilterCollectionViewCell.xib */ = {isa = PBXFileReference; fileEncoding = 4; lastKnownFileType = file.xib; path = FilterCollectionViewCell.xib; sourceTree = "<group>"; };
		91E1501F1E6BF0BC00025B77 /* FilterListGenericView.swift */ = {isa = PBXFileReference; fileEncoding = 4; lastKnownFileType = sourcecode.swift; path = FilterListGenericView.swift; sourceTree = "<group>"; };
		91E150211E6CCDD300025B77 /* UIView.swift */ = {isa = PBXFileReference; fileEncoding = 4; lastKnownFileType = sourcecode.swift; path = UIView.swift; sourceTree = "<group>"; };
		91E150231E6CF37900025B77 /* UICollectionView.swift */ = {isa = PBXFileReference; fileEncoding = 4; lastKnownFileType = sourcecode.swift; path = UICollectionView.swift; sourceTree = "<group>"; };
		91E150271E6D15B100025B77 /* DGCollectionViewLeftAlignFlowLayout.swift */ = {isa = PBXFileReference; fileEncoding = 4; lastKnownFileType = sourcecode.swift; path = DGCollectionViewLeftAlignFlowLayout.swift; sourceTree = "<group>"; };
		91E150291E6D250E00025B77 /* Array.swift */ = {isa = PBXFileReference; fileEncoding = 4; lastKnownFileType = sourcecode.swift; path = Array.swift; sourceTree = "<group>"; };
		91F05E611F034992002738F4 /* SystemConfiguration.framework */ = {isa = PBXFileReference; lastKnownFileType = wrapper.framework; name = SystemConfiguration.framework; path = System/Library/Frameworks/SystemConfiguration.framework; sourceTree = SDKROOT; };
		91F05E631F034F78002738F4 /* Reachability.framework */ = {isa = PBXFileReference; lastKnownFileType = wrapper.framework; name = Reachability.framework; path = Carthage/Build/iOS/Reachability.framework; sourceTree = "<group>"; };
		A2B7B61B2046F6F20022FA74 /* ProposalDetailViewControllerTests.swift */ = {isa = PBXFileReference; lastKnownFileType = sourcecode.swift; path = ProposalDetailViewControllerTests.swift; sourceTree = "<group>"; };
/* End PBXFileReference section */

/* Begin PBXFrameworksBuildPhase section */
		9152651F1E67659900C2AFDA /* Frameworks */ = {
			isa = PBXFrameworksBuildPhase;
			buildActionMask = 2147483647;
			files = (
				9183657F248F89F500C471D5 /* AppCenterCrashes.framework in Frameworks */,
				91836580248F89F500C471D5 /* AppCenter.framework in Frameworks */,
				91836581248F89F500C471D5 /* AppCenterAnalytics.framework in Frameworks */,
				00A210A028E4B0D000587485 /* SwiftRichString in Frameworks */,
				91B88F12248D593C00F69B69 /* MarkdownSyntax in Frameworks */,
				91263BE22487E330000CBB39 /* UserNotifications.framework in Frameworks */,
				91263BDE2487E32C000CBB39 /* Reachability.framework in Frameworks */,
				91263BDC2487E32A000CBB39 /* CloudKit.framework in Frameworks */,
			);
			runOnlyForDeploymentPostprocessing = 0;
		};
		915265331E67659A00C2AFDA /* Frameworks */ = {
			isa = PBXFrameworksBuildPhase;
			buildActionMask = 2147483647;
			files = (
			);
			runOnlyForDeploymentPostprocessing = 0;
		};
		9152653E1E67659A00C2AFDA /* Frameworks */ = {
			isa = PBXFrameworksBuildPhase;
			buildActionMask = 2147483647;
			files = (
			);
			runOnlyForDeploymentPostprocessing = 0;
		};
/* End PBXFrameworksBuildPhase section */

/* Begin PBXGroup section */
		91263BF92487F3C3000CBB39 /* bundles */ = {
			isa = PBXGroup;
			children = (
				91B88F17248D5DEE00F69B69 /* Markdown.bundle */,
			);
			path = bundles;
			sourceTree = "<group>";
		};
		913AE7011E9739D80097BCA5 /* uiview */ = {
			isa = PBXGroup;
			children = (
				913AE7021E9739F50097BCA5 /* ProfileView.swift */,
			);
			path = uiview;
			sourceTree = "<group>";
		};
		914A5C1A1E7F5753005E653A /* detail */ = {
			isa = PBXGroup;
			children = (
				914A5C1B1E7F5794005E653A /* ProposalDetailViewController.swift */,
			);
			path = detail;
			sourceTree = "<group>";
		};
		914A5C211E7F97DC005E653A /* base */ = {
			isa = PBXGroup;
			children = (
				914A5C221E7F97EF005E653A /* BaseViewController.swift */,
			);
			path = base;
			sourceTree = "<group>";
		};
		914B719A209E9A6B00906645 /* uitableviewcell */ = {
			isa = PBXGroup;
			children = (
				917E4C7320A758C700846C87 /* SwitchTableViewCell.swift */,
				914B719D209E9AA300906645 /* CustomSubtitleTableViewCell.swift */,
			);
			path = uitableviewcell;
			sourceTree = "<group>";
		};
		915265191E67659900C2AFDA = {
			isa = PBXGroup;
			children = (
				9152656E1E677D1200C2AFDA /* Frameworks */,
				915265231E67659900C2AFDA /* Products */,
				915265241E67659900C2AFDA /* swift-evolution */,
				915265391E67659A00C2AFDA /* swift-evolutionTests */,
				915265441E67659A00C2AFDA /* swift-evolutionUITests */,
			);
			sourceTree = "<group>";
		};
		915265231E67659900C2AFDA /* Products */ = {
			isa = PBXGroup;
			children = (
				915265221E67659900C2AFDA /* swift-evolution.app */,
				915265361E67659A00C2AFDA /* swift-evolutionTests.xctest */,
				915265411E67659A00C2AFDA /* swift-evolutionUITests.xctest */,
			);
			name = Products;
			sourceTree = "<group>";
		};
		915265241E67659900C2AFDA /* swift-evolution */ = {
			isa = PBXGroup;
			children = (
				9114321F1EB963BD00CCC0D0 /* swift-evolution.entitlements */,
				915265531E676EF900C2AFDA /* resources */,
				915265541E676EFD00C2AFDA /* sourcecode */,
				915265551E676F0700C2AFDA /* supportingfiles */,
			);
			path = "swift-evolution";
			sourceTree = "<group>";
		};
		915265391E67659A00C2AFDA /* swift-evolutionTests */ = {
			isa = PBXGroup;
			children = (
				A2B7B6192046F6D20022FA74 /* controllers */,
				9152653C1E67659A00C2AFDA /* Info.plist */,
				9152653A1E67659A00C2AFDA /* swift_evolutionTests.swift */,
			);
			path = "swift-evolutionTests";
			sourceTree = "<group>";
		};
		915265441E67659A00C2AFDA /* swift-evolutionUITests */ = {
			isa = PBXGroup;
			children = (
				915265471E67659A00C2AFDA /* Info.plist */,
				915265451E67659A00C2AFDA /* swift_evolutionUITests.swift */,
			);
			path = "swift-evolutionUITests";
			sourceTree = "<group>";
		};
		915265531E676EF900C2AFDA /* resources */ = {
			isa = PBXGroup;
			children = (
				91263BF92487F3C3000CBB39 /* bundles */,
				915265591E676F3300C2AFDA /* images */,
				915265571E676F2000C2AFDA /* storyboards */,
				915265581E676F2D00C2AFDA /* xibs */,
			);
			path = resources;
			sourceTree = "<group>";
		};
		915265541E676EFD00C2AFDA /* sourcecode */ = {
			isa = PBXGroup;
			children = (
				915265251E67659900C2AFDA /* AppDelegate.swift */,
				9152655B1E676F3E00C2AFDA /* controllers */,
				9152655C1E6775AE00C2AFDA /* models */,
				9152655A1E676F3800C2AFDA /* services */,
				9152655D1E6775BE00C2AFDA /* utils */,
			);
			path = sourcecode;
			sourceTree = "<group>";
		};
		915265551E676F0700C2AFDA /* supportingfiles */ = {
			isa = PBXGroup;
			children = (
				915265311E67659A00C2AFDA /* Info.plist */,
			);
			path = supportingfiles;
			sourceTree = "<group>";
		};
		915265571E676F2000C2AFDA /* storyboards */ = {
			isa = PBXGroup;
			children = (
				9152652E1E67659A00C2AFDA /* LaunchScreen.storyboard */,
				915265291E67659A00C2AFDA /* Main.storyboard */,
			);
			path = storyboards;
			sourceTree = "<group>";
		};
		915265581E676F2D00C2AFDA /* xibs */ = {
			isa = PBXGroup;
			children = (
				91E150191E6BBCD900025B77 /* uicollectionviewcell */,
				91E150181E6BBCCF00025B77 /* uitableviewcell */,
				915F7DE01F03828A001B298D /* uiview */,
			);
			path = xibs;
			sourceTree = "<group>";
		};
		915265591E676F3300C2AFDA /* images */ = {
			isa = PBXGroup;
			children = (
				9152652C1E67659A00C2AFDA /* Assets.xcassets */,
			);
			path = images;
			sourceTree = "<group>";
		};
		9152655A1E676F3800C2AFDA /* services */ = {
			isa = PBXGroup;
			children = (
				915265791E67976F00C2AFDA /* Service+Evolution.swift */,
				9168963D1E93469F00FC6913 /* Service+Github.swift */,
				9152655E1E6777B600C2AFDA /* Service.swift */,
				919A1D392076D70C0042A13B /* Service+Notifications.swift */,
				91DEBB162076F5C7000BB6A9 /* RequestSettings.swift */,
				91B1006B207ADDAB00B65E02 /* Service+CloudKit.swift */,
			);
			path = services;
			sourceTree = "<group>";
		};
		9152655B1E676F3E00C2AFDA /* controllers */ = {
			isa = PBXGroup;
			children = (
				917E4C6D20A757E800846C87 /* settings */,
				9192CC521E8CC1AC00953357 /* about */,
				914A5C211E7F97DC005E653A /* base */,
				915F7DE41F0382FD001B298D /* noconnection */,
				9168963F1E935A9A00FC6913 /* profile */,
				915265841E67D7D900C2AFDA /* proposals */,
			);
			path = controllers;
			sourceTree = "<group>";
		};
		9152655C1E6775AE00C2AFDA /* models */ = {
			isa = PBXGroup;
			children = (
				919A1D3B2076D7A50042A13B /* notifications */,
				9152657D1E67C63B00C2AFDA /* customFormatters */,
				91D5895F1E7E42FE00FE958D /* extensions */,
				9116263B1E8DD16100E8DB77 /* Section.swift */,
				915265721E677E1900C2AFDA /* Bug.swift */,
				916896421E935ED700FC6913 /* Github+Profile.swift */,
				915265621E6779F500C2AFDA /* Person.swift */,
				915265601E67794C00C2AFDA /* Proposal.swift */,
				9152657B1E67A3AD00C2AFDA /* State.swift */,
				915265661E677A4E00C2AFDA /* Status.swift */,
				915265641E677A3100C2AFDA /* Warning.swift */,
				913B7119203E2175007FE04B /* Implementation.swift */,
				91B10069207ADCA300B65E02 /* User.swift */,
				91494F6B20857AD200285857 /* Response.swift */,
			);
			path = models;
			sourceTree = "<group>";
		};
		9152655D1E6775BE00C2AFDA /* utils */ = {
			isa = PBXGroup;
			children = (
				91B88F1D248D7BA100F69B69 /* markdown */,
				917E4C6F20A7581500846C87 /* views */,
				9152658B1E67E10500C2AFDA /* designables */,
				915265741E67811B00C2AFDA /* extensions */,
				91E150251E6D153A00025B77 /* vendor */,
				91A454861EB99B6C00098A6B /* Environment.swift */,
				402EF4631E8C1CD700DBA425 /* NetworkMonitor.swift */,
				91485DEE1E690A33008C4715 /* Protocols.swift */,
				91B2460A1E99BC4100904DE3 /* Routes.swift */,
				915265771E6781EF00C2AFDA /* Utils.swift */,
				91DAF71220B046FB00A2EC9A /* Navigation.swift */,
			);
			path = utils;
			sourceTree = "<group>";
		};
		9152656E1E677D1200C2AFDA /* Frameworks */ = {
			isa = PBXGroup;
			children = (
				9183657D248F89F500C471D5 /* AppCenter.framework */,
				9183657E248F89F500C471D5 /* AppCenterAnalytics.framework */,
				9183657C248F89F500C471D5 /* AppCenterCrashes.framework */,
				91B1005C207AB9F200B65E02 /* CloudKit.framework */,
				91F05E631F034F78002738F4 /* Reachability.framework */,
				91F05E611F034992002738F4 /* SystemConfiguration.framework */,
				911432201EB96E2D00CCC0D0 /* UserNotifications.framework */,
			);
			name = Frameworks;
			sourceTree = "<group>";
		};
		915265741E67811B00C2AFDA /* extensions */ = {
			isa = PBXGroup;
			children = (
				919A1D342076D6380042A13B /* Encodable.swift */,
				919A1D362076D6390042A13B /* UIDevice.swift */,
				91E150291E6D250E00025B77 /* Array.swift */,
				911432221EB9756500CCC0D0 /* Data.swift */,
				91B246081E98BF2B00904DE3 /* Dictionary.swift */,
				914A5C1D1E7F710C005E653A /* SegueRepresentable.swift */,
				912938D21E766EE000D2B2CF /* Sequence.swift */,
				91E1500C1E6A758100025B77 /* String.swift */,
				91121F8920EAC58F00FE80E6 /* UIRefreshControl.swift */,
				91E150231E6CF37900025B77 /* UICollectionView.swift */,
				9152658E1E67E74700C2AFDA /* UIColor.swift */,
				913AE7041E97418A0097BCA5 /* UIImageView.swift */,
				913AE6FF1E9725BA0097BCA5 /* UINavigationController.swift */,
				0BCEEE251E6CC0B100F7D176 /* UITableView.swift */,
				91E150211E6CCDD300025B77 /* UIView.swift */,
				91356A37203E656C00E5C625 /* URL.swift */,
				9115A50220A0FDF100AC657E /* Sequence+Contributor.swift */,
				917E4C3020A63C1600846C87 /* UIAlertController.swift */,
				913520F120AA528900EC04E0 /* UNNotificationResponse.swift */,
			);
			path = extensions;
			sourceTree = "<group>";
		};
		9152657D1E67C63B00C2AFDA /* customFormatters */ = {
			isa = PBXGroup;
			children = (
				91D5895D1E7E251200FE958D /* Formatter+GithubUser.swift */,
				912938D01E762C3000D2B2CF /* Formatter+ID.swift */,
				9152657E1E67C64D00C2AFDA /* Formatter+State.swift */,
			);
			path = customFormatters;
			sourceTree = "<group>";
		};
		915265841E67D7D900C2AFDA /* proposals */ = {
			isa = PBXGroup;
			children = (
				914A5C1A1E7F5753005E653A /* detail */,
				91E1500E1E6BBB1C00025B77 /* filter */,
				915265871E67D86E00C2AFDA /* list */,
			);
			path = proposals;
			sourceTree = "<group>";
		};
		915265871E67D86E00C2AFDA /* list */ = {
			isa = PBXGroup;
			children = (
				915265881E67D87E00C2AFDA /* uitableviewcell */,
				915265891E67E01800C2AFDA /* ListProposalsViewController.swift */,
			);
			path = list;
			sourceTree = "<group>";
		};
		915265881E67D87E00C2AFDA /* uitableviewcell */ = {
			isa = PBXGroup;
			children = (
				670F30DF1E8667E800A58FB1 /* ProposalListHeaderTableViewCell.swift */,
				915265801E67D7A900C2AFDA /* ProposalTableViewCell.swift */,
			);
			path = uitableviewcell;
			sourceTree = "<group>";
		};
		9152658B1E67E10500C2AFDA /* designables */ = {
			isa = PBXGroup;
			children = (
				9152658C1E67E12800C2AFDA /* BorderedLabel.swift */,
				91485DEC1E6902A2008C4715 /* StatusLabel.swift */,
			);
			path = designables;
			sourceTree = "<group>";
		};
		915F7DE01F03828A001B298D /* uiview */ = {
			isa = PBXGroup;
			children = (
				915F7DE11F0382C4001B298D /* NoConnectionView.xib */,
				917E4C7820A7643400846C87 /* DescriptionView.xib */,
			);
			path = uiview;
			sourceTree = "<group>";
		};
		915F7DE41F0382FD001B298D /* noconnection */ = {
			isa = PBXGroup;
			children = (
				915F7DE51F038322001B298D /* NoConnectionView.swift */,
			);
			path = noconnection;
			sourceTree = "<group>";
		};
		9168963F1E935A9A00FC6913 /* profile */ = {
			isa = PBXGroup;
			children = (
				913AE7011E9739D80097BCA5 /* uiview */,
				916896401E935ABD00FC6913 /* ProfileViewController.swift */,
			);
			path = profile;
			sourceTree = "<group>";
		};
		917E4C2D20A633C600846C87 /* detail */ = {
			isa = PBXGroup;
			children = (
				914B719F209E9D3800906645 /* AboutDetailTableViewController.swift */,
			);
			path = detail;
			sourceTree = "<group>";
		};
		917E4C2F20A633F800846C87 /* main */ = {
			isa = PBXGroup;
			children = (
				9192CC531E8CC1CD00953357 /* AboutViewController.swift */,
			);
			path = main;
			sourceTree = "<group>";
		};
		917E4C6D20A757E800846C87 /* settings */ = {
			isa = PBXGroup;
			children = (
				917E4C7520A75BC800846C87 /* SettingsTableViewController.swift */,
			);
			path = settings;
			sourceTree = "<group>";
		};
		917E4C6F20A7581500846C87 /* views */ = {
			isa = PBXGroup;
			children = (
				91B88F19248D73DD00F69B69 /* markdownview */,
				914B719A209E9A6B00906645 /* uitableviewcell */,
				917E4C7720A763FE00846C87 /* descriptionview */,
			);
			path = views;
			sourceTree = "<group>";
		};
		917E4C7720A763FE00846C87 /* descriptionview */ = {
			isa = PBXGroup;
			children = (
				917E4C7A20A7644800846C87 /* DescriptionView.swift */,
			);
			path = descriptionview;
			sourceTree = "<group>";
		};
		9192CC521E8CC1AC00953357 /* about */ = {
			isa = PBXGroup;
			children = (
				917E4C2D20A633C600846C87 /* detail */,
				917E4C2F20A633F800846C87 /* main */,
			);
			path = about;
			sourceTree = "<group>";
		};
		919A1D3B2076D7A50042A13B /* notifications */ = {
			isa = PBXGroup;
			children = (
				912B1507208553B3008EC81F /* Notifications.swift */,
				919A1D3C2076D7A50042A13B /* Track.swift */,
				919A1D3D2076D7A50042A13B /* Device.swift */,
				912B15042085534B008EC81F /* Tag.swift */,
				913520EE20AA50D900EC04E0 /* CustomContent.swift */,
			);
			path = notifications;
			sourceTree = "<group>";
		};
		91B88F19248D73DD00F69B69 /* markdownview */ = {
			isa = PBXGroup;
			children = (
				91B88F1B248D73ED00F69B69 /* MarkdownView.swift */,
			);
			path = markdownview;
			sourceTree = "<group>";
		};
		91B88F1D248D7BA100F69B69 /* markdown */ = {
			isa = PBXGroup;
			children = (
				91B88F1E248D7BB600F69B69 /* MarkdownResources.swift */,
			);
			path = markdown;
			sourceTree = "<group>";
		};
		91D5895F1E7E42FE00FE958D /* extensions */ = {
			isa = PBXGroup;
			children = (
				91D589681E7E4E4A00FE958D /* Bug+Extension.swift */,
				91D589601E7E43D300FE958D /* Person+Extension.swift */,
				91D589621E7E43F400FE958D /* Proposal+Extension.swift */,
				91D5896A1E7E538600FE958D /* State+Extension.swift */,
				91D589641E7E441C00FE958D /* Status+Extension.swift */,
				913B711C203E5F52007FE04B /* Implementation+Extension.swift */,
				914B7198209E785D00906645 /* Contributor+Extension.swift */,
				915A883020A4C97200184F6E /* Section+Extension.swift */,
				915A883320A4CA2000184F6E /* ItemProtocol+Extension.swift */,
				915A883520A51DB900184F6E /* About+Extension.swift */,
			);
			path = extensions;
			sourceTree = "<group>";
		};
		91E1500E1E6BBB1C00025B77 /* filter */ = {
			isa = PBXGroup;
			children = (
				91E150131E6BBC8A00025B77 /* uicollectionviewcell */,
				91E1501B1E6BDE7400025B77 /* uiview */,
				91E1500F1E6BBBA400025B77 /* FilterHeaderView.swift */,
			);
			path = filter;
			sourceTree = "<group>";
		};
		91E150131E6BBC8A00025B77 /* uicollectionviewcell */ = {
			isa = PBXGroup;
			children = (
				91E150141E6BBCC100025B77 /* FilterCollectionViewCell.swift */,
			);
			path = uicollectionviewcell;
			sourceTree = "<group>";
		};
		91E150181E6BBCCF00025B77 /* uitableviewcell */ = {
			isa = PBXGroup;
			children = (
				917E4C7120A7588F00846C87 /* SwitchTableViewCell.xib */,
				670F30E11E86683200A58FB1 /* ProposalListHeaderTableViewCell.xib */,
				915265811E67D7A900C2AFDA /* ProposalTableViewCell.xib */,
				917E4C7C20A77A5200846C87 /* CustomSubtitleTableViewCell.xib */,
			);
			path = uitableviewcell;
			sourceTree = "<group>";
		};
		91E150191E6BBCD900025B77 /* uicollectionviewcell */ = {
			isa = PBXGroup;
			children = (
				91E150151E6BBCC100025B77 /* FilterCollectionViewCell.xib */,
			);
			path = uicollectionviewcell;
			sourceTree = "<group>";
		};
		91E1501B1E6BDE7400025B77 /* uiview */ = {
			isa = PBXGroup;
			children = (
				91E1501F1E6BF0BC00025B77 /* FilterListGenericView.swift */,
			);
			path = uiview;
			sourceTree = "<group>";
		};
		91E150251E6D153A00025B77 /* vendor */ = {
			isa = PBXGroup;
			children = (
				91E150261E6D159A00025B77 /* DGCollectionViewLeftAlignFlowLayout */,
			);
			path = vendor;
			sourceTree = "<group>";
		};
		91E150261E6D159A00025B77 /* DGCollectionViewLeftAlignFlowLayout */ = {
			isa = PBXGroup;
			children = (
				91E150271E6D15B100025B77 /* DGCollectionViewLeftAlignFlowLayout.swift */,
			);
			path = DGCollectionViewLeftAlignFlowLayout;
			sourceTree = "<group>";
		};
		A2B7B6192046F6D20022FA74 /* controllers */ = {
			isa = PBXGroup;
			children = (
				A2B7B61B2046F6F20022FA74 /* ProposalDetailViewControllerTests.swift */,
			);
			path = controllers;
			sourceTree = "<group>";
		};
/* End PBXGroup section */

/* Begin PBXNativeTarget section */
		915265211E67659900C2AFDA /* swift-evolution */ = {
			isa = PBXNativeTarget;
			buildConfigurationList = 9152654A1E67659A00C2AFDA /* Build configuration list for PBXNativeTarget "swift-evolution" */;
			buildPhases = (
				9152651E1E67659900C2AFDA /* Sources */,
				9152651F1E67659900C2AFDA /* Frameworks */,
				915265201E67659900C2AFDA /* Resources */,
				91BBA17E1F19E943008A7DDD /* SwiftLint Script */,
				915265711E677D2C00C2AFDA /* Carthage Script */,
			);
			buildRules = (
			);
			dependencies = (
			);
			name = "swift-evolution";
			packageProductDependencies = (
				91B88F11248D593C00F69B69 /* MarkdownSyntax */,
				00A2109F28E4B0D000587485 /* SwiftRichString */,
			);
			productName = "swift-evolution";
			productReference = 915265221E67659900C2AFDA /* swift-evolution.app */;
			productType = "com.apple.product-type.application";
		};
		915265351E67659A00C2AFDA /* swift-evolutionTests */ = {
			isa = PBXNativeTarget;
			buildConfigurationList = 9152654D1E67659A00C2AFDA /* Build configuration list for PBXNativeTarget "swift-evolutionTests" */;
			buildPhases = (
				915265321E67659A00C2AFDA /* Sources */,
				915265331E67659A00C2AFDA /* Frameworks */,
				915265341E67659A00C2AFDA /* Resources */,
			);
			buildRules = (
			);
			dependencies = (
				915265381E67659A00C2AFDA /* PBXTargetDependency */,
			);
			name = "swift-evolutionTests";
			productName = "swift-evolutionTests";
			productReference = 915265361E67659A00C2AFDA /* swift-evolutionTests.xctest */;
			productType = "com.apple.product-type.bundle.unit-test";
		};
		915265401E67659A00C2AFDA /* swift-evolutionUITests */ = {
			isa = PBXNativeTarget;
			buildConfigurationList = 915265501E67659A00C2AFDA /* Build configuration list for PBXNativeTarget "swift-evolutionUITests" */;
			buildPhases = (
				9152653D1E67659A00C2AFDA /* Sources */,
				9152653E1E67659A00C2AFDA /* Frameworks */,
				9152653F1E67659A00C2AFDA /* Resources */,
			);
			buildRules = (
			);
			dependencies = (
				915265431E67659A00C2AFDA /* PBXTargetDependency */,
			);
			name = "swift-evolutionUITests";
			productName = "swift-evolutionUITests";
			productReference = 915265411E67659A00C2AFDA /* swift-evolutionUITests.xctest */;
			productType = "com.apple.product-type.bundle.ui-testing";
		};
/* End PBXNativeTarget section */

/* Begin PBXProject section */
		9152651A1E67659900C2AFDA /* Project object */ = {
			isa = PBXProject;
			attributes = {
				LastSwiftUpdateCheck = 0820;
				LastUpgradeCheck = 1120;
				ORGANIZATIONNAME = "Holanda Mobile";
				TargetAttributes = {
					915265211E67659900C2AFDA = {
						CreatedOnToolsVersion = 8.2.1;
						DevelopmentTeam = 56DQ8B5T2R;
						ProvisioningStyle = Manual;
						SystemCapabilities = {
							com.apple.BackgroundModes = {
								enabled = 1;
							};
							com.apple.Keychain = {
								enabled = 1;
							};
							com.apple.Push = {
								enabled = 1;
							};
							com.apple.SafariKeychain = {
								enabled = 0;
							};
							com.apple.iCloud = {
								enabled = 1;
							};
						};
					};
					915265351E67659A00C2AFDA = {
						CreatedOnToolsVersion = 8.2.1;
						DevelopmentTeam = 56DQ8B5T2R;
						ProvisioningStyle = Automatic;
						TestTargetID = 915265211E67659900C2AFDA;
					};
					915265401E67659A00C2AFDA = {
						CreatedOnToolsVersion = 8.2.1;
						DevelopmentTeam = 56DQ8B5T2R;
						ProvisioningStyle = Automatic;
						TestTargetID = 915265211E67659900C2AFDA;
					};
				};
			};
			buildConfigurationList = 9152651D1E67659900C2AFDA /* Build configuration list for PBXProject "swift-evolution" */;
			compatibilityVersion = "Xcode 3.2";
			developmentRegion = en;
			hasScannedForEncodings = 0;
			knownRegions = (
				en,
				Base,
			);
			mainGroup = 915265191E67659900C2AFDA;
			packageReferences = (
				91B88F10248D593C00F69B69 /* XCRemoteSwiftPackageReference "MarkdownSyntax" */,
				00A2109E28E4B0D000587485 /* XCRemoteSwiftPackageReference "SwiftRichString" */,
			);
			productRefGroup = 915265231E67659900C2AFDA /* Products */;
			projectDirPath = "";
			projectRoot = "";
			targets = (
				915265211E67659900C2AFDA /* swift-evolution */,
				915265351E67659A00C2AFDA /* swift-evolutionTests */,
				915265401E67659A00C2AFDA /* swift-evolutionUITests */,
			);
		};
/* End PBXProject section */

/* Begin PBXResourcesBuildPhase section */
		915265201E67659900C2AFDA /* Resources */ = {
			isa = PBXResourcesBuildPhase;
			buildActionMask = 2147483647;
			files = (
				917E4C7D20A77A5200846C87 /* CustomSubtitleTableViewCell.xib in Resources */,
				917E4C7220A7588F00846C87 /* SwitchTableViewCell.xib in Resources */,
				915265301E67659A00C2AFDA /* LaunchScreen.storyboard in Resources */,
				9152652D1E67659A00C2AFDA /* Assets.xcassets in Resources */,
				670F30E21E86683200A58FB1 /* ProposalListHeaderTableViewCell.xib in Resources */,
				917E4C7920A7643400846C87 /* DescriptionView.xib in Resources */,
				9152652B1E67659A00C2AFDA /* Main.storyboard in Resources */,
				915F7DE21F0382C4001B298D /* NoConnectionView.xib in Resources */,
				91B88F18248D5DEE00F69B69 /* Markdown.bundle in Resources */,
				91E150171E6BBCC100025B77 /* FilterCollectionViewCell.xib in Resources */,
				915265831E67D7A900C2AFDA /* ProposalTableViewCell.xib in Resources */,
			);
			runOnlyForDeploymentPostprocessing = 0;
		};
		915265341E67659A00C2AFDA /* Resources */ = {
			isa = PBXResourcesBuildPhase;
			buildActionMask = 2147483647;
			files = (
			);
			runOnlyForDeploymentPostprocessing = 0;
		};
		9152653F1E67659A00C2AFDA /* Resources */ = {
			isa = PBXResourcesBuildPhase;
			buildActionMask = 2147483647;
			files = (
			);
			runOnlyForDeploymentPostprocessing = 0;
		};
/* End PBXResourcesBuildPhase section */

/* Begin PBXShellScriptBuildPhase section */
		915265711E677D2C00C2AFDA /* Carthage Script */ = {
			isa = PBXShellScriptBuildPhase;
			buildActionMask = 2147483647;
			files = (
			);
			inputPaths = (
				"$(SRCROOT)/Carthage/Build/iOS/SwiftRichString.framework",
				"$(SRCROOT)/Carthage/Build/iOS/Reachability.framework",
				"$(SRCROOT)/Carthage/Build/iOS/KeychainAccess.framework",
			);
			name = "Carthage Script";
			outputPaths = (
			);
			runOnlyForDeploymentPostprocessing = 0;
			shellPath = /bin/sh;
			shellScript = "/usr/local/bin/carthage copy-frameworks\n";
		};
		91BBA17E1F19E943008A7DDD /* SwiftLint Script */ = {
			isa = PBXShellScriptBuildPhase;
			buildActionMask = 2147483647;
			files = (
			);
			inputPaths = (
			);
			name = "SwiftLint Script";
			outputPaths = (
			);
			runOnlyForDeploymentPostprocessing = 0;
			shellPath = /bin/sh;
			shellScript = "if which swiftlint >/dev/null; then\nswiftlint\nelse\necho \"warning: SwiftLint not installed, download from https://github.com/realm/SwiftLint\"\nfi\n";
		};
/* End PBXShellScriptBuildPhase section */

/* Begin PBXSourcesBuildPhase section */
		9152651E1E67659900C2AFDA /* Sources */ = {
			isa = PBXSourcesBuildPhase;
			buildActionMask = 2147483647;
			files = (
				912B15052085534B008EC81F /* Tag.swift in Sources */,
				914B71A0209E9D3800906645 /* AboutDetailTableViewController.swift in Sources */,
				91D589611E7E43D300FE958D /* Person+Extension.swift in Sources */,
				91D5895E1E7E251200FE958D /* Formatter+GithubUser.swift in Sources */,
				91E1500D1E6A758100025B77 /* String.swift in Sources */,
				915265631E6779F500C2AFDA /* Person.swift in Sources */,
				91B1006A207ADCA300B65E02 /* User.swift in Sources */,
				91E150221E6CCDD300025B77 /* UIView.swift in Sources */,
				91E150281E6D15B100025B77 /* DGCollectionViewLeftAlignFlowLayout.swift in Sources */,
				9152657F1E67C64D00C2AFDA /* Formatter+State.swift in Sources */,
				915A883620A51DB900184F6E /* About+Extension.swift in Sources */,
				91485DEF1E690A33008C4715 /* Protocols.swift in Sources */,
				917E4C3120A63C1600846C87 /* UIAlertController.swift in Sources */,
				913520F220AA528900EC04E0 /* UNNotificationResponse.swift in Sources */,
				914A5C1C1E7F5794005E653A /* ProposalDetailViewController.swift in Sources */,
				915265731E677E1900C2AFDA /* Bug.swift in Sources */,
				91E150241E6CF37900025B77 /* UICollectionView.swift in Sources */,
				917E4C7620A75BC800846C87 /* SettingsTableViewController.swift in Sources */,
				915A883420A4CA2000184F6E /* ItemProtocol+Extension.swift in Sources */,
				914A5C231E7F97EF005E653A /* BaseViewController.swift in Sources */,
				0BCEEE261E6CC0B100F7D176 /* UITableView.swift in Sources */,
				9115A50320A0FDF100AC657E /* Sequence+Contributor.swift in Sources */,
				91D589651E7E441C00FE958D /* Status+Extension.swift in Sources */,
				91E1502A1E6D250E00025B77 /* Array.swift in Sources */,
				91D5896B1E7E538600FE958D /* State+Extension.swift in Sources */,
				91A454871EB99B6C00098A6B /* Environment.swift in Sources */,
				914B7199209E785D00906645 /* Contributor+Extension.swift in Sources */,
				91B88F1F248D7BB600F69B69 /* MarkdownResources.swift in Sources */,
				91DAF71320B046FB00A2EC9A /* Navigation.swift in Sources */,
				914B719E209E9AA300906645 /* CustomSubtitleTableViewCell.swift in Sources */,
				919A1D372076D6390042A13B /* Encodable.swift in Sources */,
				9116263C1E8DD16100E8DB77 /* Section.swift in Sources */,
				917E4C7B20A7644800846C87 /* DescriptionView.swift in Sources */,
				91B246091E98BF2B00904DE3 /* Dictionary.swift in Sources */,
				919A1D3E2076D7A50042A13B /* Track.swift in Sources */,
				915A883120A4C97200184F6E /* Section+Extension.swift in Sources */,
				91E150201E6BF0BC00025B77 /* FilterListGenericView.swift in Sources */,
				912938D31E766EE000D2B2CF /* Sequence.swift in Sources */,
				670F30E01E8667E800A58FB1 /* ProposalListHeaderTableViewCell.swift in Sources */,
				9152658A1E67E01800C2AFDA /* ListProposalsViewController.swift in Sources */,
				91485DED1E6902A2008C4715 /* StatusLabel.swift in Sources */,
				91B2460B1E99BC4100904DE3 /* Routes.swift in Sources */,
				91356A38203E656C00E5C625 /* URL.swift in Sources */,
				9152658F1E67E74700C2AFDA /* UIColor.swift in Sources */,
				915265671E677A4F00C2AFDA /* Status.swift in Sources */,
				913AE7051E97418A0097BCA5 /* UIImageView.swift in Sources */,
				913AE7001E9725BA0097BCA5 /* UINavigationController.swift in Sources */,
				913520EF20AA50D900EC04E0 /* CustomContent.swift in Sources */,
				9152658D1E67E12800C2AFDA /* BorderedLabel.swift in Sources */,
				913B711A203E2175007FE04B /* Implementation.swift in Sources */,
				402EF4641E8C1CD700DBA425 /* NetworkMonitor.swift in Sources */,
				91E150161E6BBCC100025B77 /* FilterCollectionViewCell.swift in Sources */,
				911432231EB9756500CCC0D0 /* Data.swift in Sources */,
				9152657A1E67976F00C2AFDA /* Service+Evolution.swift in Sources */,
				91494F6C20857AD200285857 /* Response.swift in Sources */,
				914A5C1E1E7F710C005E653A /* SegueRepresentable.swift in Sources */,
				919A1D3F2076D7A50042A13B /* Device.swift in Sources */,
				917E4C7420A758C700846C87 /* SwitchTableViewCell.swift in Sources */,
				91E150101E6BBBA400025B77 /* FilterHeaderView.swift in Sources */,
				915265781E6781EF00C2AFDA /* Utils.swift in Sources */,
				91D589691E7E4E4A00FE958D /* Bug+Extension.swift in Sources */,
				915265651E677A3100C2AFDA /* Warning.swift in Sources */,
				912B1508208553B3008EC81F /* Notifications.swift in Sources */,
				91B1006C207ADDAB00B65E02 /* Service+CloudKit.swift in Sources */,
				915265261E67659900C2AFDA /* AppDelegate.swift in Sources */,
				913B711D203E5F52007FE04B /* Implementation+Extension.swift in Sources */,
				91B88F1C248D73ED00F69B69 /* MarkdownView.swift in Sources */,
				916896431E935ED700FC6913 /* Github+Profile.swift in Sources */,
				9152655F1E6777B600C2AFDA /* Service.swift in Sources */,
				919A1D3A2076D70C0042A13B /* Service+Notifications.swift in Sources */,
				919A1D382076D6390042A13B /* UIDevice.swift in Sources */,
				915265821E67D7A900C2AFDA /* ProposalTableViewCell.swift in Sources */,
				91DEBB172076F5C7000BB6A9 /* RequestSettings.swift in Sources */,
				91D589631E7E43F400FE958D /* Proposal+Extension.swift in Sources */,
				915265611E67794C00C2AFDA /* Proposal.swift in Sources */,
				913AE7031E9739F50097BCA5 /* ProfileView.swift in Sources */,
				9168963E1E93469F00FC6913 /* Service+Github.swift in Sources */,
				912938D11E762C3000D2B2CF /* Formatter+ID.swift in Sources */,
				91121F8A20EAC58F00FE80E6 /* UIRefreshControl.swift in Sources */,
				916896411E935ABD00FC6913 /* ProfileViewController.swift in Sources */,
				915F7DE61F038322001B298D /* NoConnectionView.swift in Sources */,
				9192CC541E8CC1CD00953357 /* AboutViewController.swift in Sources */,
				9152657C1E67A3AD00C2AFDA /* State.swift in Sources */,
			);
			runOnlyForDeploymentPostprocessing = 0;
		};
		915265321E67659A00C2AFDA /* Sources */ = {
			isa = PBXSourcesBuildPhase;
			buildActionMask = 2147483647;
			files = (
				9152653B1E67659A00C2AFDA /* swift_evolutionTests.swift in Sources */,
				A2B7B61C2046F6F20022FA74 /* ProposalDetailViewControllerTests.swift in Sources */,
			);
			runOnlyForDeploymentPostprocessing = 0;
		};
		9152653D1E67659A00C2AFDA /* Sources */ = {
			isa = PBXSourcesBuildPhase;
			buildActionMask = 2147483647;
			files = (
				915265461E67659A00C2AFDA /* swift_evolutionUITests.swift in Sources */,
			);
			runOnlyForDeploymentPostprocessing = 0;
		};
/* End PBXSourcesBuildPhase section */

/* Begin PBXTargetDependency section */
		915265381E67659A00C2AFDA /* PBXTargetDependency */ = {
			isa = PBXTargetDependency;
			target = 915265211E67659900C2AFDA /* swift-evolution */;
			targetProxy = 915265371E67659A00C2AFDA /* PBXContainerItemProxy */;
		};
		915265431E67659A00C2AFDA /* PBXTargetDependency */ = {
			isa = PBXTargetDependency;
			target = 915265211E67659900C2AFDA /* swift-evolution */;
			targetProxy = 915265421E67659A00C2AFDA /* PBXContainerItemProxy */;
		};
/* End PBXTargetDependency section */

/* Begin PBXVariantGroup section */
		915265291E67659A00C2AFDA /* Main.storyboard */ = {
			isa = PBXVariantGroup;
			children = (
				9152652A1E67659A00C2AFDA /* Base */,
			);
			name = Main.storyboard;
			path = .;
			sourceTree = "<group>";
		};
		9152652E1E67659A00C2AFDA /* LaunchScreen.storyboard */ = {
			isa = PBXVariantGroup;
			children = (
				9152652F1E67659A00C2AFDA /* Base */,
			);
			name = LaunchScreen.storyboard;
			path = .;
			sourceTree = "<group>";
		};
/* End PBXVariantGroup section */

/* Begin XCBuildConfiguration section */
		911432241EB97FE900CCC0D0 /* Internal */ = {
			isa = XCBuildConfiguration;
			buildSettings = {
				ALWAYS_SEARCH_USER_PATHS = NO;
				APP_DISPLAY_NAME = "";
				APP_ENVIRONMENT_TITLE = "";
				CLANG_ANALYZER_LOCALIZABILITY_NONLOCALIZED = YES;
				CLANG_ANALYZER_NONNULL = YES;
				CLANG_CXX_LANGUAGE_STANDARD = "gnu++0x";
				CLANG_CXX_LIBRARY = "libc++";
				CLANG_ENABLE_MODULES = YES;
				CLANG_ENABLE_OBJC_ARC = YES;
				CLANG_WARN_BLOCK_CAPTURE_AUTORELEASING = YES;
				CLANG_WARN_BOOL_CONVERSION = YES;
				CLANG_WARN_COMMA = YES;
				CLANG_WARN_CONSTANT_CONVERSION = YES;
				CLANG_WARN_DEPRECATED_OBJC_IMPLEMENTATIONS = YES;
				CLANG_WARN_DIRECT_OBJC_ISA_USAGE = YES_ERROR;
				CLANG_WARN_DOCUMENTATION_COMMENTS = YES;
				CLANG_WARN_EMPTY_BODY = YES;
				CLANG_WARN_ENUM_CONVERSION = YES;
				CLANG_WARN_INFINITE_RECURSION = YES;
				CLANG_WARN_INT_CONVERSION = YES;
				CLANG_WARN_NON_LITERAL_NULL_CONVERSION = YES;
				CLANG_WARN_OBJC_IMPLICIT_RETAIN_SELF = YES;
				CLANG_WARN_OBJC_LITERAL_CONVERSION = YES;
				CLANG_WARN_OBJC_ROOT_CLASS = YES_ERROR;
				CLANG_WARN_RANGE_LOOP_ANALYSIS = YES;
				CLANG_WARN_STRICT_PROTOTYPES = YES;
				CLANG_WARN_SUSPICIOUS_MOVE = YES;
				CLANG_WARN_UNREACHABLE_CODE = YES;
				CLANG_WARN__DUPLICATE_METHOD_MATCH = YES;
				"CODE_SIGN_IDENTITY[sdk=iphoneos*]" = "iPhone Developer";
				COPY_PHASE_STRIP = NO;
				CURRENT_PROJECT_VERSION = 11;
				DEBUG_INFORMATION_FORMAT = "dwarf-with-dsym";
				ENABLE_NS_ASSERTIONS = NO;
				ENABLE_STRICT_OBJC_MSGSEND = YES;
				ENABLE_TESTABILITY = YES;
				GCC_C_LANGUAGE_STANDARD = gnu99;
				GCC_NO_COMMON_BLOCKS = YES;
				GCC_WARN_64_TO_32_BIT_CONVERSION = YES;
				GCC_WARN_ABOUT_RETURN_TYPE = YES_ERROR;
				GCC_WARN_UNDECLARED_SELECTOR = YES;
				GCC_WARN_UNINITIALIZED_AUTOS = YES_AGGRESSIVE;
				GCC_WARN_UNUSED_FUNCTION = YES;
				GCC_WARN_UNUSED_VARIABLE = YES;
				IPHONEOS_DEPLOYMENT_TARGET = 10.3;
				MTL_ENABLE_DEBUG_INFO = NO;
				NOTIFICATION_APP_KEY = "";
				NOTIFICATION_APP_URL = "";
				ONLY_ACTIVE_ARCH = YES;
				SDKROOT = iphoneos;
				SWIFT_COMPILATION_MODE = wholemodule;
				SWIFT_OPTIMIZATION_LEVEL = "-O";
				SWIFT_VERSION = 4.0;
				VALIDATE_PRODUCT = YES;
				VERSIONING_SYSTEM = "apple-generic";
			};
			name = Internal;
		};
		911432251EB97FE900CCC0D0 /* Internal */ = {
			isa = XCBuildConfiguration;
			buildSettings = {
				APP_DISPLAY_NAME = Evolution;
				APP_ENVIRONMENT_TITLE = Internal;
				ASSETCATALOG_COMPILER_APPICON_NAME = AppIcon.development;
				CODE_SIGN_ENTITLEMENTS = "swift-evolution/swift-evolution.entitlements";
				CODE_SIGN_IDENTITY = "iPhone Developer";
				"CODE_SIGN_IDENTITY[sdk=iphoneos*]" = "iPhone Developer";
				CODE_SIGN_STYLE = Manual;
				CURRENT_PROJECT_VERSION = 12;
				DEVELOPMENT_TEAM = 56DQ8B5T2R;
				FRAMEWORK_SEARCH_PATHS = (
					"$(inherited)",
					"$(PROJECT_DIR)/swift-evolution",
					"$(PROJECT_DIR)/Carthage/Build/iOS",
					"$(PROJECT_DIR)/frameworks",
					"$(PROJECT_DIR)",
				);
				GCC_OPTIMIZATION_LEVEL = 0;
				GCC_PREPROCESSOR_DEFINITIONS = "DEBUG=1";
				INFOPLIST_FILE = "swift-evolution/supportingfiles/Info.plist";
				IPHONEOS_DEPLOYMENT_TARGET = 13.0;
				LD_RUNPATH_SEARCH_PATHS = (
					"$(inherited)",
					"@executable_path/Frameworks",
				);
				MARKETING_VERSION = 1.3;
				NOTIFICATION_APP_KEY = "";
				NOTIFICATION_APP_URL = "";
				PRODUCT_BUNDLE_IDENTIFIER = "io.swift-evolution.app.development";
				PRODUCT_NAME = "$(TARGET_NAME)";
				PROVISIONING_PROFILE = "";
				PROVISIONING_PROFILE_SPECIFIER = "match Development io.swift-evolution.app.development";
				SWIFT_ACTIVE_COMPILATION_CONDITIONS = INTERNAL;
				SWIFT_OPTIMIZATION_LEVEL = "-Onone";
				SWIFT_VERSION = 5.0;
				TARGETED_DEVICE_FAMILY = "1,2";
			};
			name = Internal;
		};
		911432261EB97FE900CCC0D0 /* Internal */ = {
			isa = XCBuildConfiguration;
			buildSettings = {
				ALWAYS_EMBED_SWIFT_STANDARD_LIBRARIES = YES;
				BUNDLE_LOADER = "$(TEST_HOST)";
				CURRENT_PROJECT_VERSION = 11;
				DEVELOPMENT_TEAM = 56DQ8B5T2R;
				INFOPLIST_FILE = "swift-evolutionTests/Info.plist";
				IPHONEOS_DEPLOYMENT_TARGET = 13.0;
				LD_RUNPATH_SEARCH_PATHS = (
					"$(inherited)",
					"@executable_path/Frameworks",
					"@loader_path/Frameworks",
				);
				PRODUCT_BUNDLE_IDENTIFIER = "mobi.holanda.swift-evolutionTests";
				PRODUCT_NAME = "$(TARGET_NAME)";
				SWIFT_VERSION = 5.0;
				TEST_HOST = "$(BUILT_PRODUCTS_DIR)/swift-evolution.app/swift-evolution";
			};
			name = Internal;
		};
		911432271EB97FE900CCC0D0 /* Internal */ = {
			isa = XCBuildConfiguration;
			buildSettings = {
				ALWAYS_EMBED_SWIFT_STANDARD_LIBRARIES = YES;
				CURRENT_PROJECT_VERSION = 11;
				DEVELOPMENT_TEAM = 56DQ8B5T2R;
				INFOPLIST_FILE = "swift-evolutionUITests/Info.plist";
				IPHONEOS_DEPLOYMENT_TARGET = 13.0;
				LD_RUNPATH_SEARCH_PATHS = (
					"$(inherited)",
					"@executable_path/Frameworks",
					"@loader_path/Frameworks",
				);
				PRODUCT_BUNDLE_IDENTIFIER = "mobi.holanda.swift-evolutionUITests";
				PRODUCT_NAME = "$(TARGET_NAME)";
				SWIFT_VERSION = 5.0;
				TEST_TARGET_NAME = "swift-evolution";
			};
			name = Internal;
		};
		915265481E67659A00C2AFDA /* Debug */ = {
			isa = XCBuildConfiguration;
			buildSettings = {
				ALWAYS_SEARCH_USER_PATHS = NO;
				APP_DISPLAY_NAME = "";
				APP_ENVIRONMENT_TITLE = "";
				CLANG_ANALYZER_LOCALIZABILITY_NONLOCALIZED = YES;
				CLANG_ANALYZER_NONNULL = YES;
				CLANG_CXX_LANGUAGE_STANDARD = "gnu++0x";
				CLANG_CXX_LIBRARY = "libc++";
				CLANG_ENABLE_MODULES = YES;
				CLANG_ENABLE_OBJC_ARC = YES;
				CLANG_WARN_BLOCK_CAPTURE_AUTORELEASING = YES;
				CLANG_WARN_BOOL_CONVERSION = YES;
				CLANG_WARN_COMMA = YES;
				CLANG_WARN_CONSTANT_CONVERSION = YES;
				CLANG_WARN_DEPRECATED_OBJC_IMPLEMENTATIONS = YES;
				CLANG_WARN_DIRECT_OBJC_ISA_USAGE = YES_ERROR;
				CLANG_WARN_DOCUMENTATION_COMMENTS = YES;
				CLANG_WARN_EMPTY_BODY = YES;
				CLANG_WARN_ENUM_CONVERSION = YES;
				CLANG_WARN_INFINITE_RECURSION = YES;
				CLANG_WARN_INT_CONVERSION = YES;
				CLANG_WARN_NON_LITERAL_NULL_CONVERSION = YES;
				CLANG_WARN_OBJC_IMPLICIT_RETAIN_SELF = YES;
				CLANG_WARN_OBJC_LITERAL_CONVERSION = YES;
				CLANG_WARN_OBJC_ROOT_CLASS = YES_ERROR;
				CLANG_WARN_RANGE_LOOP_ANALYSIS = YES;
				CLANG_WARN_STRICT_PROTOTYPES = YES;
				CLANG_WARN_SUSPICIOUS_MOVE = YES;
				CLANG_WARN_UNREACHABLE_CODE = YES;
				CLANG_WARN__DUPLICATE_METHOD_MATCH = YES;
				"CODE_SIGN_IDENTITY[sdk=iphoneos*]" = "iPhone Developer";
				COPY_PHASE_STRIP = NO;
				CURRENT_PROJECT_VERSION = 11;
				DEBUG_INFORMATION_FORMAT = dwarf;
				ENABLE_STRICT_OBJC_MSGSEND = YES;
				ENABLE_TESTABILITY = YES;
				GCC_C_LANGUAGE_STANDARD = gnu99;
				GCC_DYNAMIC_NO_PIC = NO;
				GCC_NO_COMMON_BLOCKS = YES;
				GCC_OPTIMIZATION_LEVEL = 0;
				GCC_PREPROCESSOR_DEFINITIONS = (
					"DEBUG=1",
					"$(inherited)",
				);
				GCC_WARN_64_TO_32_BIT_CONVERSION = YES;
				GCC_WARN_ABOUT_RETURN_TYPE = YES_ERROR;
				GCC_WARN_UNDECLARED_SELECTOR = YES;
				GCC_WARN_UNINITIALIZED_AUTOS = YES_AGGRESSIVE;
				GCC_WARN_UNUSED_FUNCTION = YES;
				GCC_WARN_UNUSED_VARIABLE = YES;
				IPHONEOS_DEPLOYMENT_TARGET = 10.3;
				MTL_ENABLE_DEBUG_INFO = YES;
				NOTIFICATION_APP_KEY = "";
				NOTIFICATION_APP_URL = "";
				ONLY_ACTIVE_ARCH = YES;
				SDKROOT = iphoneos;
				SWIFT_ACTIVE_COMPILATION_CONDITIONS = DEBUG;
				SWIFT_OPTIMIZATION_LEVEL = "-Onone";
				SWIFT_VERSION = 4.0;
				VERSIONING_SYSTEM = "apple-generic";
			};
			name = Debug;
		};
		915265491E67659A00C2AFDA /* AppStore */ = {
			isa = XCBuildConfiguration;
			buildSettings = {
				ALWAYS_SEARCH_USER_PATHS = NO;
				APP_DISPLAY_NAME = "";
				APP_ENVIRONMENT_TITLE = "";
				CLANG_ANALYZER_LOCALIZABILITY_NONLOCALIZED = YES;
				CLANG_ANALYZER_NONNULL = YES;
				CLANG_CXX_LANGUAGE_STANDARD = "gnu++0x";
				CLANG_CXX_LIBRARY = "libc++";
				CLANG_ENABLE_MODULES = YES;
				CLANG_ENABLE_OBJC_ARC = YES;
				CLANG_WARN_BLOCK_CAPTURE_AUTORELEASING = YES;
				CLANG_WARN_BOOL_CONVERSION = YES;
				CLANG_WARN_COMMA = YES;
				CLANG_WARN_CONSTANT_CONVERSION = YES;
				CLANG_WARN_DEPRECATED_OBJC_IMPLEMENTATIONS = YES;
				CLANG_WARN_DIRECT_OBJC_ISA_USAGE = YES_ERROR;
				CLANG_WARN_DOCUMENTATION_COMMENTS = YES;
				CLANG_WARN_EMPTY_BODY = YES;
				CLANG_WARN_ENUM_CONVERSION = YES;
				CLANG_WARN_INFINITE_RECURSION = YES;
				CLANG_WARN_INT_CONVERSION = YES;
				CLANG_WARN_NON_LITERAL_NULL_CONVERSION = YES;
				CLANG_WARN_OBJC_IMPLICIT_RETAIN_SELF = YES;
				CLANG_WARN_OBJC_LITERAL_CONVERSION = YES;
				CLANG_WARN_OBJC_ROOT_CLASS = YES_ERROR;
				CLANG_WARN_RANGE_LOOP_ANALYSIS = YES;
				CLANG_WARN_STRICT_PROTOTYPES = YES;
				CLANG_WARN_SUSPICIOUS_MOVE = YES;
				CLANG_WARN_UNREACHABLE_CODE = YES;
				CLANG_WARN__DUPLICATE_METHOD_MATCH = YES;
				"CODE_SIGN_IDENTITY[sdk=iphoneos*]" = "iPhone Developer";
				COPY_PHASE_STRIP = NO;
				CURRENT_PROJECT_VERSION = 11;
				DEBUG_INFORMATION_FORMAT = "dwarf-with-dsym";
				ENABLE_NS_ASSERTIONS = NO;
				ENABLE_STRICT_OBJC_MSGSEND = YES;
				GCC_C_LANGUAGE_STANDARD = gnu99;
				GCC_NO_COMMON_BLOCKS = YES;
				GCC_WARN_64_TO_32_BIT_CONVERSION = YES;
				GCC_WARN_ABOUT_RETURN_TYPE = YES_ERROR;
				GCC_WARN_UNDECLARED_SELECTOR = YES;
				GCC_WARN_UNINITIALIZED_AUTOS = YES_AGGRESSIVE;
				GCC_WARN_UNUSED_FUNCTION = YES;
				GCC_WARN_UNUSED_VARIABLE = YES;
				IPHONEOS_DEPLOYMENT_TARGET = 10.3;
				MTL_ENABLE_DEBUG_INFO = NO;
				NOTIFICATION_APP_KEY = "";
				NOTIFICATION_APP_URL = "";
				SDKROOT = iphoneos;
				SWIFT_COMPILATION_MODE = wholemodule;
				SWIFT_OPTIMIZATION_LEVEL = "-O";
				SWIFT_VERSION = 4.0;
				VALIDATE_PRODUCT = YES;
				VERSIONING_SYSTEM = "apple-generic";
			};
			name = AppStore;
		};
		9152654B1E67659A00C2AFDA /* Debug */ = {
			isa = XCBuildConfiguration;
			buildSettings = {
				APP_DISPLAY_NAME = Evolution;
				APP_ENVIRONMENT_TITLE = EVO;
				ASSETCATALOG_COMPILER_APPICON_NAME = AppIcon;
				CODE_SIGN_ENTITLEMENTS = "swift-evolution/swift-evolution.entitlements";
				CODE_SIGN_IDENTITY = "iPhone Developer";
				"CODE_SIGN_IDENTITY[sdk=iphoneos*]" = "iPhone Developer";
				CODE_SIGN_STYLE = Manual;
				CURRENT_PROJECT_VERSION = 12;
				DEBUG_INFORMATION_FORMAT = "dwarf-with-dsym";
				DEVELOPMENT_TEAM = 56DQ8B5T2R;
				FRAMEWORK_SEARCH_PATHS = (
					"$(inherited)",
					"$(PROJECT_DIR)/swift-evolution",
					"$(PROJECT_DIR)/Carthage/Build/iOS",
					"$(PROJECT_DIR)/frameworks",
					"$(PROJECT_DIR)",
				);
				INFOPLIST_FILE = "swift-evolution/supportingfiles/Info.plist";
				IPHONEOS_DEPLOYMENT_TARGET = 13.0;
				LD_RUNPATH_SEARCH_PATHS = (
					"$(inherited)",
					"@executable_path/Frameworks",
				);
				MARKETING_VERSION = 1.3;
				NOTIFICATION_APP_KEY = "";
				NOTIFICATION_APP_URL = "";
				PRODUCT_BUNDLE_IDENTIFIER = "io.swift-evolution.app";
				PRODUCT_NAME = "$(TARGET_NAME)";
				PROVISIONING_PROFILE = "";
				PROVISIONING_PROFILE_SPECIFIER = "match Development io.swift-evolution.app";
				SWIFT_VERSION = 5.0;
				TARGETED_DEVICE_FAMILY = "1,2";
			};
			name = Debug;
		};
		9152654C1E67659A00C2AFDA /* AppStore */ = {
			isa = XCBuildConfiguration;
			buildSettings = {
				APP_DISPLAY_NAME = Evolution;
				APP_ENVIRONMENT_TITLE = EVO;
				ASSETCATALOG_COMPILER_APPICON_NAME = AppIcon;
				CODE_SIGN_ENTITLEMENTS = "swift-evolution/swift-evolution.entitlements";
				CODE_SIGN_IDENTITY = "iPhone Distribution";
				"CODE_SIGN_IDENTITY[sdk=iphoneos*]" = "iPhone Distribution";
				CODE_SIGN_STYLE = Manual;
				CURRENT_PROJECT_VERSION = 12;
				DEVELOPMENT_TEAM = 56DQ8B5T2R;
				FRAMEWORK_SEARCH_PATHS = (
					"$(inherited)",
					"$(PROJECT_DIR)/swift-evolution",
					"$(PROJECT_DIR)/Carthage/Build/iOS",
					"$(PROJECT_DIR)/frameworks",
					"$(PROJECT_DIR)",
				);
				INFOPLIST_FILE = "swift-evolution/supportingfiles/Info.plist";
				IPHONEOS_DEPLOYMENT_TARGET = 13.0;
				LD_RUNPATH_SEARCH_PATHS = (
					"$(inherited)",
					"@executable_path/Frameworks",
				);
				MARKETING_VERSION = 1.3;
				NOTIFICATION_APP_KEY = "";
				NOTIFICATION_APP_URL = "";
				PRODUCT_BUNDLE_IDENTIFIER = "io.swift-evolution.app";
				PRODUCT_NAME = "$(TARGET_NAME)";
				PROVISIONING_PROFILE = "";
				PROVISIONING_PROFILE_SPECIFIER = "match AppStore io.swift-evolution.app";
				SWIFT_VERSION = 5.0;
				TARGETED_DEVICE_FAMILY = "1,2";
			};
			name = AppStore;
		};
		9152654E1E67659A00C2AFDA /* Debug */ = {
			isa = XCBuildConfiguration;
			buildSettings = {
				ALWAYS_EMBED_SWIFT_STANDARD_LIBRARIES = YES;
				BUNDLE_LOADER = "$(TEST_HOST)";
				CURRENT_PROJECT_VERSION = 11;
				DEVELOPMENT_TEAM = 56DQ8B5T2R;
				INFOPLIST_FILE = "swift-evolutionTests/Info.plist";
				IPHONEOS_DEPLOYMENT_TARGET = 13.0;
				LD_RUNPATH_SEARCH_PATHS = (
					"$(inherited)",
					"@executable_path/Frameworks",
					"@loader_path/Frameworks",
				);
				PRODUCT_BUNDLE_IDENTIFIER = "mobi.holanda.swift-evolutionTests";
				PRODUCT_NAME = "$(TARGET_NAME)";
				SWIFT_VERSION = 5.0;
				TEST_HOST = "$(BUILT_PRODUCTS_DIR)/swift-evolution.app/swift-evolution";
			};
			name = Debug;
		};
		9152654F1E67659A00C2AFDA /* AppStore */ = {
			isa = XCBuildConfiguration;
			buildSettings = {
				ALWAYS_EMBED_SWIFT_STANDARD_LIBRARIES = YES;
				BUNDLE_LOADER = "$(TEST_HOST)";
				CURRENT_PROJECT_VERSION = 11;
				DEVELOPMENT_TEAM = 56DQ8B5T2R;
				INFOPLIST_FILE = "swift-evolutionTests/Info.plist";
				IPHONEOS_DEPLOYMENT_TARGET = 13.0;
				LD_RUNPATH_SEARCH_PATHS = (
					"$(inherited)",
					"@executable_path/Frameworks",
					"@loader_path/Frameworks",
				);
				PRODUCT_BUNDLE_IDENTIFIER = "mobi.holanda.swift-evolutionTests";
				PRODUCT_NAME = "$(TARGET_NAME)";
				SWIFT_VERSION = 5.0;
				TEST_HOST = "$(BUILT_PRODUCTS_DIR)/swift-evolution.app/swift-evolution";
			};
			name = AppStore;
		};
		915265511E67659A00C2AFDA /* Debug */ = {
			isa = XCBuildConfiguration;
			buildSettings = {
				ALWAYS_EMBED_SWIFT_STANDARD_LIBRARIES = YES;
				CURRENT_PROJECT_VERSION = 11;
				DEVELOPMENT_TEAM = 56DQ8B5T2R;
				INFOPLIST_FILE = "swift-evolutionUITests/Info.plist";
				IPHONEOS_DEPLOYMENT_TARGET = 13.0;
				LD_RUNPATH_SEARCH_PATHS = (
					"$(inherited)",
					"@executable_path/Frameworks",
					"@loader_path/Frameworks",
				);
				PRODUCT_BUNDLE_IDENTIFIER = "mobi.holanda.swift-evolutionUITests";
				PRODUCT_NAME = "$(TARGET_NAME)";
				SWIFT_VERSION = 5.0;
				TEST_TARGET_NAME = "swift-evolution";
			};
			name = Debug;
		};
		915265521E67659A00C2AFDA /* AppStore */ = {
			isa = XCBuildConfiguration;
			buildSettings = {
				ALWAYS_EMBED_SWIFT_STANDARD_LIBRARIES = YES;
				CURRENT_PROJECT_VERSION = 11;
				DEVELOPMENT_TEAM = 56DQ8B5T2R;
				INFOPLIST_FILE = "swift-evolutionUITests/Info.plist";
				IPHONEOS_DEPLOYMENT_TARGET = 13.0;
				LD_RUNPATH_SEARCH_PATHS = (
					"$(inherited)",
					"@executable_path/Frameworks",
					"@loader_path/Frameworks",
				);
				PRODUCT_BUNDLE_IDENTIFIER = "mobi.holanda.swift-evolutionUITests";
				PRODUCT_NAME = "$(TARGET_NAME)";
				SWIFT_VERSION = 5.0;
				TEST_TARGET_NAME = "swift-evolution";
			};
			name = AppStore;
		};
/* End XCBuildConfiguration section */

/* Begin XCConfigurationList section */
		9152651D1E67659900C2AFDA /* Build configuration list for PBXProject "swift-evolution" */ = {
			isa = XCConfigurationList;
			buildConfigurations = (
				915265481E67659A00C2AFDA /* Debug */,
				915265491E67659A00C2AFDA /* AppStore */,
				911432241EB97FE900CCC0D0 /* Internal */,
			);
			defaultConfigurationIsVisible = 0;
			defaultConfigurationName = AppStore;
		};
		9152654A1E67659A00C2AFDA /* Build configuration list for PBXNativeTarget "swift-evolution" */ = {
			isa = XCConfigurationList;
			buildConfigurations = (
				9152654B1E67659A00C2AFDA /* Debug */,
				9152654C1E67659A00C2AFDA /* AppStore */,
				911432251EB97FE900CCC0D0 /* Internal */,
			);
			defaultConfigurationIsVisible = 0;
			defaultConfigurationName = AppStore;
		};
		9152654D1E67659A00C2AFDA /* Build configuration list for PBXNativeTarget "swift-evolutionTests" */ = {
			isa = XCConfigurationList;
			buildConfigurations = (
				9152654E1E67659A00C2AFDA /* Debug */,
				9152654F1E67659A00C2AFDA /* AppStore */,
				911432261EB97FE900CCC0D0 /* Internal */,
			);
			defaultConfigurationIsVisible = 0;
			defaultConfigurationName = AppStore;
		};
		915265501E67659A00C2AFDA /* Build configuration list for PBXNativeTarget "swift-evolutionUITests" */ = {
			isa = XCConfigurationList;
			buildConfigurations = (
				915265511E67659A00C2AFDA /* Debug */,
				915265521E67659A00C2AFDA /* AppStore */,
				911432271EB97FE900CCC0D0 /* Internal */,
			);
			defaultConfigurationIsVisible = 0;
			defaultConfigurationName = AppStore;
		};
/* End XCConfigurationList section */

/* Begin XCRemoteSwiftPackageReference section */
		00A2109E28E4B0D000587485 /* XCRemoteSwiftPackageReference "SwiftRichString" */ = {
			isa = XCRemoteSwiftPackageReference;
			repositoryURL = "https://github.com/malcommac/SwiftRichString.git";
			requirement = {
				kind = upToNextMajorVersion;
				minimumVersion = 3.0.0;
			};
		};
		91B88F10248D593C00F69B69 /* XCRemoteSwiftPackageReference "MarkdownSyntax" */ = {
			isa = XCRemoteSwiftPackageReference;
			repositoryURL = "https://github.com/hebertialmeida/MarkdownSyntax";
			requirement = {
				branch = master;
				kind = branch;
			};
		};
/* End XCRemoteSwiftPackageReference section */

/* Begin XCSwiftPackageProductDependency section */
		00A2109F28E4B0D000587485 /* SwiftRichString */ = {
			isa = XCSwiftPackageProductDependency;
			package = 00A2109E28E4B0D000587485 /* XCRemoteSwiftPackageReference "SwiftRichString" */;
			productName = SwiftRichString;
		};
		91B88F11248D593C00F69B69 /* MarkdownSyntax */ = {
			isa = XCSwiftPackageProductDependency;
			package = 91B88F10248D593C00F69B69 /* XCRemoteSwiftPackageReference "MarkdownSyntax" */;
			productName = MarkdownSyntax;
		};
/* End XCSwiftPackageProductDependency section */
	};
	rootObject = 9152651A1E67659900C2AFDA /* Project object */;
}
