// !$*UTF8*$!
{
	archiveVersion = 1;
	classes = {
	};
	objectVersion = 46;
	objects = {

/* Begin PBXBuildFile section */
		915265261E67659900C2AFDA /* AppDelegate.swift in Sources */ = {isa = PBXBuildFile; fileRef = 915265251E67659900C2AFDA /* AppDelegate.swift */; };
		9152652B1E67659A00C2AFDA /* Main.storyboard in Resources */ = {isa = PBXBuildFile; fileRef = 915265291E67659A00C2AFDA /* Main.storyboard */; };
		9152652D1E67659A00C2AFDA /* Assets.xcassets in Resources */ = {isa = PBXBuildFile; fileRef = 9152652C1E67659A00C2AFDA /* Assets.xcassets */; };
		915265301E67659A00C2AFDA /* LaunchScreen.storyboard in Resources */ = {isa = PBXBuildFile; fileRef = 9152652E1E67659A00C2AFDA /* LaunchScreen.storyboard */; };
		9152653B1E67659A00C2AFDA /* swift_evolutionTests.swift in Sources */ = {isa = PBXBuildFile; fileRef = 9152653A1E67659A00C2AFDA /* swift_evolutionTests.swift */; };
		915265461E67659A00C2AFDA /* swift_evolutionUITests.swift in Sources */ = {isa = PBXBuildFile; fileRef = 915265451E67659A00C2AFDA /* swift_evolutionUITests.swift */; };
		9152655F1E6777B600C2AFDA /* Service.swift in Sources */ = {isa = PBXBuildFile; fileRef = 9152655E1E6777B600C2AFDA /* Service.swift */; };
		915265611E67794C00C2AFDA /* Evolution.swift in Sources */ = {isa = PBXBuildFile; fileRef = 915265601E67794C00C2AFDA /* Evolution.swift */; };
		915265631E6779F500C2AFDA /* Person.swift in Sources */ = {isa = PBXBuildFile; fileRef = 915265621E6779F500C2AFDA /* Person.swift */; };
		915265651E677A3100C2AFDA /* Warning.swift in Sources */ = {isa = PBXBuildFile; fileRef = 915265641E677A3100C2AFDA /* Warning.swift */; };
		915265671E677A4F00C2AFDA /* Status.swift in Sources */ = {isa = PBXBuildFile; fileRef = 915265661E677A4E00C2AFDA /* Status.swift */; };
		915265701E677D1200C2AFDA /* Unbox.framework in Frameworks */ = {isa = PBXBuildFile; fileRef = 9152656F1E677D1200C2AFDA /* Unbox.framework */; };
		915265731E677E1900C2AFDA /* Bug.swift in Sources */ = {isa = PBXBuildFile; fileRef = 915265721E677E1900C2AFDA /* Bug.swift */; };
		915265761E67814000C2AFDA /* DateFormatter.swift in Sources */ = {isa = PBXBuildFile; fileRef = 915265751E67814000C2AFDA /* DateFormatter.swift */; };
		915265781E6781EF00C2AFDA /* Utils.swift in Sources */ = {isa = PBXBuildFile; fileRef = 915265771E6781EF00C2AFDA /* Utils.swift */; };
		9152657A1E67976F00C2AFDA /* EvolutionService.swift in Sources */ = {isa = PBXBuildFile; fileRef = 915265791E67976F00C2AFDA /* EvolutionService.swift */; };
		9152657C1E67A3AD00C2AFDA /* State.swift in Sources */ = {isa = PBXBuildFile; fileRef = 9152657B1E67A3AD00C2AFDA /* State.swift */; };
		9152657F1E67C64D00C2AFDA /* StateFormatter.swift in Sources */ = {isa = PBXBuildFile; fileRef = 9152657E1E67C64D00C2AFDA /* StateFormatter.swift */; };
		915265821E67D7A900C2AFDA /* EvolutionTableViewCell.swift in Sources */ = {isa = PBXBuildFile; fileRef = 915265801E67D7A900C2AFDA /* EvolutionTableViewCell.swift */; };
		915265831E67D7A900C2AFDA /* EvolutionTableViewCell.xib in Resources */ = {isa = PBXBuildFile; fileRef = 915265811E67D7A900C2AFDA /* EvolutionTableViewCell.xib */; };
		9152658A1E67E01800C2AFDA /* ListEvolutionsViewController.swift in Sources */ = {isa = PBXBuildFile; fileRef = 915265891E67E01800C2AFDA /* ListEvolutionsViewController.swift */; };
		9152658D1E67E12800C2AFDA /* BorderedLabel.swift in Sources */ = {isa = PBXBuildFile; fileRef = 9152658C1E67E12800C2AFDA /* BorderedLabel.swift */; };
		9152658F1E67E74700C2AFDA /* UIColor.swift in Sources */ = {isa = PBXBuildFile; fileRef = 9152658E1E67E74700C2AFDA /* UIColor.swift */; };
/* End PBXBuildFile section */

/* Begin PBXContainerItemProxy section */
		915265371E67659A00C2AFDA /* PBXContainerItemProxy */ = {
			isa = PBXContainerItemProxy;
			containerPortal = 9152651A1E67659900C2AFDA /* Project object */;
			proxyType = 1;
			remoteGlobalIDString = 915265211E67659900C2AFDA;
			remoteInfo = "swift-evolution";
		};
		915265421E67659A00C2AFDA /* PBXContainerItemProxy */ = {
			isa = PBXContainerItemProxy;
			containerPortal = 9152651A1E67659900C2AFDA /* Project object */;
			proxyType = 1;
			remoteGlobalIDString = 915265211E67659900C2AFDA;
			remoteInfo = "swift-evolution";
		};
/* End PBXContainerItemProxy section */

/* Begin PBXFileReference section */
		915265221E67659900C2AFDA /* swift-evolution.app */ = {isa = PBXFileReference; explicitFileType = wrapper.application; includeInIndex = 0; path = "swift-evolution.app"; sourceTree = BUILT_PRODUCTS_DIR; };
		915265251E67659900C2AFDA /* AppDelegate.swift */ = {isa = PBXFileReference; lastKnownFileType = sourcecode.swift; path = AppDelegate.swift; sourceTree = "<group>"; };
		9152652A1E67659A00C2AFDA /* Base */ = {isa = PBXFileReference; lastKnownFileType = file.storyboard; name = Base; path = Base.lproj/Main.storyboard; sourceTree = "<group>"; };
		9152652C1E67659A00C2AFDA /* Assets.xcassets */ = {isa = PBXFileReference; lastKnownFileType = folder.assetcatalog; path = Assets.xcassets; sourceTree = "<group>"; };
		9152652F1E67659A00C2AFDA /* Base */ = {isa = PBXFileReference; lastKnownFileType = file.storyboard; name = Base; path = Base.lproj/LaunchScreen.storyboard; sourceTree = "<group>"; };
		915265311E67659A00C2AFDA /* Info.plist */ = {isa = PBXFileReference; lastKnownFileType = text.plist.xml; path = Info.plist; sourceTree = "<group>"; };
		915265361E67659A00C2AFDA /* swift-evolutionTests.xctest */ = {isa = PBXFileReference; explicitFileType = wrapper.cfbundle; includeInIndex = 0; path = "swift-evolutionTests.xctest"; sourceTree = BUILT_PRODUCTS_DIR; };
		9152653A1E67659A00C2AFDA /* swift_evolutionTests.swift */ = {isa = PBXFileReference; lastKnownFileType = sourcecode.swift; path = swift_evolutionTests.swift; sourceTree = "<group>"; };
		9152653C1E67659A00C2AFDA /* Info.plist */ = {isa = PBXFileReference; lastKnownFileType = text.plist.xml; path = Info.plist; sourceTree = "<group>"; };
		915265411E67659A00C2AFDA /* swift-evolutionUITests.xctest */ = {isa = PBXFileReference; explicitFileType = wrapper.cfbundle; includeInIndex = 0; path = "swift-evolutionUITests.xctest"; sourceTree = BUILT_PRODUCTS_DIR; };
		915265451E67659A00C2AFDA /* swift_evolutionUITests.swift */ = {isa = PBXFileReference; lastKnownFileType = sourcecode.swift; path = swift_evolutionUITests.swift; sourceTree = "<group>"; };
		915265471E67659A00C2AFDA /* Info.plist */ = {isa = PBXFileReference; lastKnownFileType = text.plist.xml; path = Info.plist; sourceTree = "<group>"; };
		9152655E1E6777B600C2AFDA /* Service.swift */ = {isa = PBXFileReference; fileEncoding = 4; lastKnownFileType = sourcecode.swift; path = Service.swift; sourceTree = "<group>"; };
		915265601E67794C00C2AFDA /* Evolution.swift */ = {isa = PBXFileReference; fileEncoding = 4; lastKnownFileType = sourcecode.swift; path = Evolution.swift; sourceTree = "<group>"; };
		915265621E6779F500C2AFDA /* Person.swift */ = {isa = PBXFileReference; fileEncoding = 4; lastKnownFileType = sourcecode.swift; path = Person.swift; sourceTree = "<group>"; };
		915265641E677A3100C2AFDA /* Warning.swift */ = {isa = PBXFileReference; fileEncoding = 4; lastKnownFileType = sourcecode.swift; path = Warning.swift; sourceTree = "<group>"; };
		915265661E677A4E00C2AFDA /* Status.swift */ = {isa = PBXFileReference; fileEncoding = 4; lastKnownFileType = sourcecode.swift; path = Status.swift; sourceTree = "<group>"; };
		9152656F1E677D1200C2AFDA /* Unbox.framework */ = {isa = PBXFileReference; lastKnownFileType = wrapper.framework; name = Unbox.framework; path = Carthage/Build/iOS/Unbox.framework; sourceTree = "<group>"; };
		915265721E677E1900C2AFDA /* Bug.swift */ = {isa = PBXFileReference; fileEncoding = 4; lastKnownFileType = sourcecode.swift; path = Bug.swift; sourceTree = "<group>"; };
		915265751E67814000C2AFDA /* DateFormatter.swift */ = {isa = PBXFileReference; fileEncoding = 4; lastKnownFileType = sourcecode.swift; path = DateFormatter.swift; sourceTree = "<group>"; };
		915265771E6781EF00C2AFDA /* Utils.swift */ = {isa = PBXFileReference; fileEncoding = 4; lastKnownFileType = sourcecode.swift; path = Utils.swift; sourceTree = "<group>"; };
		915265791E67976F00C2AFDA /* EvolutionService.swift */ = {isa = PBXFileReference; fileEncoding = 4; lastKnownFileType = sourcecode.swift; path = EvolutionService.swift; sourceTree = "<group>"; };
		9152657B1E67A3AD00C2AFDA /* State.swift */ = {isa = PBXFileReference; fileEncoding = 4; lastKnownFileType = sourcecode.swift; path = State.swift; sourceTree = "<group>"; };
		9152657E1E67C64D00C2AFDA /* StateFormatter.swift */ = {isa = PBXFileReference; fileEncoding = 4; lastKnownFileType = sourcecode.swift; path = StateFormatter.swift; sourceTree = "<group>"; };
		915265801E67D7A900C2AFDA /* EvolutionTableViewCell.swift */ = {isa = PBXFileReference; fileEncoding = 4; lastKnownFileType = sourcecode.swift; path = EvolutionTableViewCell.swift; sourceTree = "<group>"; };
		915265811E67D7A900C2AFDA /* EvolutionTableViewCell.xib */ = {isa = PBXFileReference; fileEncoding = 4; lastKnownFileType = file.xib; path = EvolutionTableViewCell.xib; sourceTree = "<group>"; };
		915265891E67E01800C2AFDA /* ListEvolutionsViewController.swift */ = {isa = PBXFileReference; fileEncoding = 4; lastKnownFileType = sourcecode.swift; path = ListEvolutionsViewController.swift; sourceTree = "<group>"; };
		9152658C1E67E12800C2AFDA /* BorderedLabel.swift */ = {isa = PBXFileReference; fileEncoding = 4; lastKnownFileType = sourcecode.swift; path = BorderedLabel.swift; sourceTree = "<group>"; };
		9152658E1E67E74700C2AFDA /* UIColor.swift */ = {isa = PBXFileReference; fileEncoding = 4; lastKnownFileType = sourcecode.swift; path = UIColor.swift; sourceTree = "<group>"; };
/* End PBXFileReference section */

/* Begin PBXFrameworksBuildPhase section */
		9152651F1E67659900C2AFDA /* Frameworks */ = {
			isa = PBXFrameworksBuildPhase;
			buildActionMask = 2147483647;
			files = (
				915265701E677D1200C2AFDA /* Unbox.framework in Frameworks */,
			);
			runOnlyForDeploymentPostprocessing = 0;
		};
		915265331E67659A00C2AFDA /* Frameworks */ = {
			isa = PBXFrameworksBuildPhase;
			buildActionMask = 2147483647;
			files = (
			);
			runOnlyForDeploymentPostprocessing = 0;
		};
		9152653E1E67659A00C2AFDA /* Frameworks */ = {
			isa = PBXFrameworksBuildPhase;
			buildActionMask = 2147483647;
			files = (
			);
			runOnlyForDeploymentPostprocessing = 0;
		};
/* End PBXFrameworksBuildPhase section */

/* Begin PBXGroup section */
		915265191E67659900C2AFDA = {
			isa = PBXGroup;
			children = (
				9152656E1E677D1200C2AFDA /* Frameworks */,
				915265231E67659900C2AFDA /* Products */,
				915265241E67659900C2AFDA /* swift-evolution */,
				915265391E67659A00C2AFDA /* swift-evolutionTests */,
				915265441E67659A00C2AFDA /* swift-evolutionUITests */,
			);
			sourceTree = "<group>";
		};
		915265231E67659900C2AFDA /* Products */ = {
			isa = PBXGroup;
			children = (
				915265221E67659900C2AFDA /* swift-evolution.app */,
				915265361E67659A00C2AFDA /* swift-evolutionTests.xctest */,
				915265411E67659A00C2AFDA /* swift-evolutionUITests.xctest */,
			);
			name = Products;
			sourceTree = "<group>";
		};
		915265241E67659900C2AFDA /* swift-evolution */ = {
			isa = PBXGroup;
			children = (
				915265531E676EF900C2AFDA /* resources */,
				915265541E676EFD00C2AFDA /* sourcecode */,
				915265551E676F0700C2AFDA /* supportingfiles */,
			);
			path = "swift-evolution";
			sourceTree = "<group>";
		};
		915265391E67659A00C2AFDA /* swift-evolutionTests */ = {
			isa = PBXGroup;
			children = (
				9152653C1E67659A00C2AFDA /* Info.plist */,
				9152653A1E67659A00C2AFDA /* swift_evolutionTests.swift */,
			);
			path = "swift-evolutionTests";
			sourceTree = "<group>";
		};
		915265441E67659A00C2AFDA /* swift-evolutionUITests */ = {
			isa = PBXGroup;
			children = (
				915265471E67659A00C2AFDA /* Info.plist */,
				915265451E67659A00C2AFDA /* swift_evolutionUITests.swift */,
			);
			path = "swift-evolutionUITests";
			sourceTree = "<group>";
		};
		915265531E676EF900C2AFDA /* resources */ = {
			isa = PBXGroup;
			children = (
				915265561E676F1900C2AFDA /* fonts */,
				915265591E676F3300C2AFDA /* images */,
				915265571E676F2000C2AFDA /* storyboards */,
				915265581E676F2D00C2AFDA /* xibs */,
			);
			path = resources;
			sourceTree = "<group>";
		};
		915265541E676EFD00C2AFDA /* sourcecode */ = {
			isa = PBXGroup;
			children = (
				9152655B1E676F3E00C2AFDA /* controllers */,
				9152655C1E6775AE00C2AFDA /* models */,
				9152655A1E676F3800C2AFDA /* services */,
				9152655D1E6775BE00C2AFDA /* utils */,
				915265251E67659900C2AFDA /* AppDelegate.swift */,
			);
			path = sourcecode;
			sourceTree = "<group>";
		};
		915265551E676F0700C2AFDA /* supportingfiles */ = {
			isa = PBXGroup;
			children = (
				915265311E67659A00C2AFDA /* Info.plist */,
			);
			path = supportingfiles;
			sourceTree = "<group>";
		};
		915265561E676F1900C2AFDA /* fonts */ = {
			isa = PBXGroup;
			children = (
			);
			path = fonts;
			sourceTree = "<group>";
		};
		915265571E676F2000C2AFDA /* storyboards */ = {
			isa = PBXGroup;
			children = (
				9152652E1E67659A00C2AFDA /* LaunchScreen.storyboard */,
				915265291E67659A00C2AFDA /* Main.storyboard */,
			);
			path = storyboards;
			sourceTree = "<group>";
		};
		915265581E676F2D00C2AFDA /* xibs */ = {
			isa = PBXGroup;
			children = (
				915265811E67D7A900C2AFDA /* EvolutionTableViewCell.xib */,
			);
			path = xibs;
			sourceTree = "<group>";
		};
		915265591E676F3300C2AFDA /* images */ = {
			isa = PBXGroup;
			children = (
				9152652C1E67659A00C2AFDA /* Assets.xcassets */,
			);
			path = images;
			sourceTree = "<group>";
		};
		9152655A1E676F3800C2AFDA /* services */ = {
			isa = PBXGroup;
			children = (
				915265791E67976F00C2AFDA /* EvolutionService.swift */,
				9152655E1E6777B600C2AFDA /* Service.swift */,
			);
			path = services;
			sourceTree = "<group>";
		};
		9152655B1E676F3E00C2AFDA /* controllers */ = {
			isa = PBXGroup;
			children = (
				915265841E67D7D900C2AFDA /* evolutions */,
			);
			path = controllers;
			sourceTree = "<group>";
		};
		9152655C1E6775AE00C2AFDA /* models */ = {
			isa = PBXGroup;
			children = (
				9152657D1E67C63B00C2AFDA /* customFormatters */,
				915265721E677E1900C2AFDA /* Bug.swift */,
				915265601E67794C00C2AFDA /* Evolution.swift */,
				915265621E6779F500C2AFDA /* Person.swift */,
				9152657B1E67A3AD00C2AFDA /* State.swift */,
				915265661E677A4E00C2AFDA /* Status.swift */,
				915265641E677A3100C2AFDA /* Warning.swift */,
			);
			path = models;
			sourceTree = "<group>";
		};
		9152655D1E6775BE00C2AFDA /* utils */ = {
			isa = PBXGroup;
			children = (
				9152658B1E67E10500C2AFDA /* designables */,
				915265741E67811B00C2AFDA /* extensions */,
				915265771E6781EF00C2AFDA /* Utils.swift */,
			);
			path = utils;
			sourceTree = "<group>";
		};
		9152656E1E677D1200C2AFDA /* Frameworks */ = {
			isa = PBXGroup;
			children = (
				9152656F1E677D1200C2AFDA /* Unbox.framework */,
			);
			name = Frameworks;
			sourceTree = "<group>";
		};
		915265741E67811B00C2AFDA /* extensions */ = {
			isa = PBXGroup;
			children = (
				915265751E67814000C2AFDA /* DateFormatter.swift */,
				9152658E1E67E74700C2AFDA /* UIColor.swift */,
			);
			path = extensions;
			sourceTree = "<group>";
		};
		9152657D1E67C63B00C2AFDA /* customFormatters */ = {
			isa = PBXGroup;
			children = (
				9152657E1E67C64D00C2AFDA /* StateFormatter.swift */,
			);
			path = customFormatters;
			sourceTree = "<group>";
		};
		915265841E67D7D900C2AFDA /* evolutions */ = {
			isa = PBXGroup;
			children = (
				915265871E67D86E00C2AFDA /* list */,
			);
			path = evolutions;
			sourceTree = "<group>";
		};
		915265871E67D86E00C2AFDA /* list */ = {
			isa = PBXGroup;
			children = (
				915265881E67D87E00C2AFDA /* uitableviewcell */,
				915265891E67E01800C2AFDA /* ListEvolutionsViewController.swift */,
			);
			path = list;
			sourceTree = "<group>";
		};
		915265881E67D87E00C2AFDA /* uitableviewcell */ = {
			isa = PBXGroup;
			children = (
				915265801E67D7A900C2AFDA /* EvolutionTableViewCell.swift */,
			);
			path = uitableviewcell;
			sourceTree = "<group>";
		};
		9152658B1E67E10500C2AFDA /* designables */ = {
			isa = PBXGroup;
			children = (
				9152658C1E67E12800C2AFDA /* BorderedLabel.swift */,
			);
			path = designables;
			sourceTree = "<group>";
		};
/* End PBXGroup section */

/* Begin PBXNativeTarget section */
		915265211E67659900C2AFDA /* swift-evolution */ = {
			isa = PBXNativeTarget;
			buildConfigurationList = 9152654A1E67659A00C2AFDA /* Build configuration list for PBXNativeTarget "swift-evolution" */;
			buildPhases = (
				9152651E1E67659900C2AFDA /* Sources */,
				9152651F1E67659900C2AFDA /* Frameworks */,
				915265201E67659900C2AFDA /* Resources */,
				915265711E677D2C00C2AFDA /* ShellScript */,
			);
			buildRules = (
			);
			dependencies = (
			);
			name = "swift-evolution";
			productName = "swift-evolution";
			productReference = 915265221E67659900C2AFDA /* swift-evolution.app */;
			productType = "com.apple.product-type.application";
		};
		915265351E67659A00C2AFDA /* swift-evolutionTests */ = {
			isa = PBXNativeTarget;
			buildConfigurationList = 9152654D1E67659A00C2AFDA /* Build configuration list for PBXNativeTarget "swift-evolutionTests" */;
			buildPhases = (
				915265321E67659A00C2AFDA /* Sources */,
				915265331E67659A00C2AFDA /* Frameworks */,
				915265341E67659A00C2AFDA /* Resources */,
			);
			buildRules = (
			);
			dependencies = (
				915265381E67659A00C2AFDA /* PBXTargetDependency */,
			);
			name = "swift-evolutionTests";
			productName = "swift-evolutionTests";
			productReference = 915265361E67659A00C2AFDA /* swift-evolutionTests.xctest */;
			productType = "com.apple.product-type.bundle.unit-test";
		};
		915265401E67659A00C2AFDA /* swift-evolutionUITests */ = {
			isa = PBXNativeTarget;
			buildConfigurationList = 915265501E67659A00C2AFDA /* Build configuration list for PBXNativeTarget "swift-evolutionUITests" */;
			buildPhases = (
				9152653D1E67659A00C2AFDA /* Sources */,
				9152653E1E67659A00C2AFDA /* Frameworks */,
				9152653F1E67659A00C2AFDA /* Resources */,
			);
			buildRules = (
			);
			dependencies = (
				915265431E67659A00C2AFDA /* PBXTargetDependency */,
			);
			name = "swift-evolutionUITests";
			productName = "swift-evolutionUITests";
			productReference = 915265411E67659A00C2AFDA /* swift-evolutionUITests.xctest */;
			productType = "com.apple.product-type.bundle.ui-testing";
		};
/* End PBXNativeTarget section */

/* Begin PBXProject section */
		9152651A1E67659900C2AFDA /* Project object */ = {
			isa = PBXProject;
			attributes = {
				LastSwiftUpdateCheck = 0820;
				LastUpgradeCheck = 0820;
				ORGANIZATIONNAME = "Holanda Mobile";
				TargetAttributes = {
					915265211E67659900C2AFDA = {
						CreatedOnToolsVersion = 8.2.1;
						DevelopmentTeam = 56DQ8B5T2R;
						ProvisioningStyle = Manual;
					};
					915265351E67659A00C2AFDA = {
						CreatedOnToolsVersion = 8.2.1;
						DevelopmentTeam = 56DQ8B5T2R;
						ProvisioningStyle = Automatic;
						TestTargetID = 915265211E67659900C2AFDA;
					};
					915265401E67659A00C2AFDA = {
						CreatedOnToolsVersion = 8.2.1;
						DevelopmentTeam = 56DQ8B5T2R;
						ProvisioningStyle = Automatic;
						TestTargetID = 915265211E67659900C2AFDA;
					};
				};
			};
			buildConfigurationList = 9152651D1E67659900C2AFDA /* Build configuration list for PBXProject "swift-evolution" */;
			compatibilityVersion = "Xcode 3.2";
			developmentRegion = English;
			hasScannedForEncodings = 0;
			knownRegions = (
				en,
				Base,
			);
			mainGroup = 915265191E67659900C2AFDA;
			productRefGroup = 915265231E67659900C2AFDA /* Products */;
			projectDirPath = "";
			projectRoot = "";
			targets = (
				915265211E67659900C2AFDA /* swift-evolution */,
				915265351E67659A00C2AFDA /* swift-evolutionTests */,
				915265401E67659A00C2AFDA /* swift-evolutionUITests */,
			);
		};
/* End PBXProject section */

/* Begin PBXResourcesBuildPhase section */
		915265201E67659900C2AFDA /* Resources */ = {
			isa = PBXResourcesBuildPhase;
			buildActionMask = 2147483647;
			files = (
				915265301E67659A00C2AFDA /* LaunchScreen.storyboard in Resources */,
				9152652D1E67659A00C2AFDA /* Assets.xcassets in Resources */,
				9152652B1E67659A00C2AFDA /* Main.storyboard in Resources */,
				915265831E67D7A900C2AFDA /* EvolutionTableViewCell.xib in Resources */,
			);
			runOnlyForDeploymentPostprocessing = 0;
		};
		915265341E67659A00C2AFDA /* Resources */ = {
			isa = PBXResourcesBuildPhase;
			buildActionMask = 2147483647;
			files = (
			);
			runOnlyForDeploymentPostprocessing = 0;
		};
		9152653F1E67659A00C2AFDA /* Resources */ = {
			isa = PBXResourcesBuildPhase;
			buildActionMask = 2147483647;
			files = (
			);
			runOnlyForDeploymentPostprocessing = 0;
		};
/* End PBXResourcesBuildPhase section */

/* Begin PBXShellScriptBuildPhase section */
		915265711E677D2C00C2AFDA /* ShellScript */ = {
			isa = PBXShellScriptBuildPhase;
			buildActionMask = 2147483647;
			files = (
			);
			inputPaths = (
				"$(SRCROOT)/Carthage/Build/iOS/Unbox.framework",
			);
			outputPaths = (
			);
			runOnlyForDeploymentPostprocessing = 0;
			shellPath = /bin/sh;
			shellScript = "/usr/local/bin/carthage copy-frameworks";
		};
/* End PBXShellScriptBuildPhase section */

/* Begin PBXSourcesBuildPhase section */
		9152651E1E67659900C2AFDA /* Sources */ = {
			isa = PBXSourcesBuildPhase;
			buildActionMask = 2147483647;
			files = (
				915265761E67814000C2AFDA /* DateFormatter.swift in Sources */,
				915265631E6779F500C2AFDA /* Person.swift in Sources */,
				9152657F1E67C64D00C2AFDA /* StateFormatter.swift in Sources */,
				915265731E677E1900C2AFDA /* Bug.swift in Sources */,
				9152658A1E67E01800C2AFDA /* ListEvolutionsViewController.swift in Sources */,
				9152658F1E67E74700C2AFDA /* UIColor.swift in Sources */,
				915265671E677A4F00C2AFDA /* Status.swift in Sources */,
				9152658D1E67E12800C2AFDA /* BorderedLabel.swift in Sources */,
				9152657A1E67976F00C2AFDA /* EvolutionService.swift in Sources */,
				915265781E6781EF00C2AFDA /* Utils.swift in Sources */,
				915265651E677A3100C2AFDA /* Warning.swift in Sources */,
				915265261E67659900C2AFDA /* AppDelegate.swift in Sources */,
				9152655F1E6777B600C2AFDA /* Service.swift in Sources */,
				915265821E67D7A900C2AFDA /* EvolutionTableViewCell.swift in Sources */,
				915265611E67794C00C2AFDA /* Evolution.swift in Sources */,
				9152657C1E67A3AD00C2AFDA /* State.swift in Sources */,
			);
			runOnlyForDeploymentPostprocessing = 0;
		};
		915265321E67659A00C2AFDA /* Sources */ = {
			isa = PBXSourcesBuildPhase;
			buildActionMask = 2147483647;
			files = (
				9152653B1E67659A00C2AFDA /* swift_evolutionTests.swift in Sources */,
			);
			runOnlyForDeploymentPostprocessing = 0;
		};
		9152653D1E67659A00C2AFDA /* Sources */ = {
			isa = PBXSourcesBuildPhase;
			buildActionMask = 2147483647;
			files = (
				915265461E67659A00C2AFDA /* swift_evolutionUITests.swift in Sources */,
			);
			runOnlyForDeploymentPostprocessing = 0;
		};
/* End PBXSourcesBuildPhase section */

/* Begin PBXTargetDependency section */
		915265381E67659A00C2AFDA /* PBXTargetDependency */ = {
			isa = PBXTargetDependency;
			target = 915265211E67659900C2AFDA /* swift-evolution */;
			targetProxy = 915265371E67659A00C2AFDA /* PBXContainerItemProxy */;
		};
		915265431E67659A00C2AFDA /* PBXTargetDependency */ = {
			isa = PBXTargetDependency;
			target = 915265211E67659900C2AFDA /* swift-evolution */;
			targetProxy = 915265421E67659A00C2AFDA /* PBXContainerItemProxy */;
		};
/* End PBXTargetDependency section */

/* Begin PBXVariantGroup section */
		915265291E67659A00C2AFDA /* Main.storyboard */ = {
			isa = PBXVariantGroup;
			children = (
				9152652A1E67659A00C2AFDA /* Base */,
			);
			name = Main.storyboard;
			path = .;
			sourceTree = "<group>";
		};
		9152652E1E67659A00C2AFDA /* LaunchScreen.storyboard */ = {
			isa = PBXVariantGroup;
			children = (
				9152652F1E67659A00C2AFDA /* Base */,
			);
			name = LaunchScreen.storyboard;
			path = .;
			sourceTree = "<group>";
		};
/* End PBXVariantGroup section */

/* Begin XCBuildConfiguration section */
		915265481E67659A00C2AFDA /* Debug */ = {
			isa = XCBuildConfiguration;
			buildSettings = {
				ALWAYS_SEARCH_USER_PATHS = NO;
				CLANG_ANALYZER_NONNULL = YES;
				CLANG_CXX_LANGUAGE_STANDARD = "gnu++0x";
				CLANG_CXX_LIBRARY = "libc++";
				CLANG_ENABLE_MODULES = YES;
				CLANG_ENABLE_OBJC_ARC = YES;
				CLANG_WARN_BOOL_CONVERSION = YES;
				CLANG_WARN_CONSTANT_CONVERSION = YES;
				CLANG_WARN_DIRECT_OBJC_ISA_USAGE = YES_ERROR;
				CLANG_WARN_DOCUMENTATION_COMMENTS = YES;
				CLANG_WARN_EMPTY_BODY = YES;
				CLANG_WARN_ENUM_CONVERSION = YES;
				CLANG_WARN_INFINITE_RECURSION = YES;
				CLANG_WARN_INT_CONVERSION = YES;
				CLANG_WARN_OBJC_ROOT_CLASS = YES_ERROR;
				CLANG_WARN_SUSPICIOUS_MOVE = YES;
				CLANG_WARN_UNREACHABLE_CODE = YES;
				CLANG_WARN__DUPLICATE_METHOD_MATCH = YES;
				"CODE_SIGN_IDENTITY[sdk=iphoneos*]" = "iPhone Developer";
				COPY_PHASE_STRIP = NO;
				DEBUG_INFORMATION_FORMAT = dwarf;
				ENABLE_STRICT_OBJC_MSGSEND = YES;
				ENABLE_TESTABILITY = YES;
				GCC_C_LANGUAGE_STANDARD = gnu99;
				GCC_DYNAMIC_NO_PIC = NO;
				GCC_NO_COMMON_BLOCKS = YES;
				GCC_OPTIMIZATION_LEVEL = 0;
				GCC_PREPROCESSOR_DEFINITIONS = (
					"DEBUG=1",
					"$(inherited)",
				);
				GCC_WARN_64_TO_32_BIT_CONVERSION = YES;
				GCC_WARN_ABOUT_RETURN_TYPE = YES_ERROR;
				GCC_WARN_UNDECLARED_SELECTOR = YES;
				GCC_WARN_UNINITIALIZED_AUTOS = YES_AGGRESSIVE;
				GCC_WARN_UNUSED_FUNCTION = YES;
				GCC_WARN_UNUSED_VARIABLE = YES;
				IPHONEOS_DEPLOYMENT_TARGET = 10.2;
				MTL_ENABLE_DEBUG_INFO = YES;
				ONLY_ACTIVE_ARCH = YES;
				SDKROOT = iphoneos;
				SWIFT_ACTIVE_COMPILATION_CONDITIONS = DEBUG;
				SWIFT_OPTIMIZATION_LEVEL = "-Onone";
			};
			name = Debug;
		};
		915265491E67659A00C2AFDA /* Release */ = {
			isa = XCBuildConfiguration;
			buildSettings = {
				ALWAYS_SEARCH_USER_PATHS = NO;
				CLANG_ANALYZER_NONNULL = YES;
				CLANG_CXX_LANGUAGE_STANDARD = "gnu++0x";
				CLANG_CXX_LIBRARY = "libc++";
				CLANG_ENABLE_MODULES = YES;
				CLANG_ENABLE_OBJC_ARC = YES;
				CLANG_WARN_BOOL_CONVERSION = YES;
				CLANG_WARN_CONSTANT_CONVERSION = YES;
				CLANG_WARN_DIRECT_OBJC_ISA_USAGE = YES_ERROR;
				CLANG_WARN_DOCUMENTATION_COMMENTS = YES;
				CLANG_WARN_EMPTY_BODY = YES;
				CLANG_WARN_ENUM_CONVERSION = YES;
				CLANG_WARN_INFINITE_RECURSION = YES;
				CLANG_WARN_INT_CONVERSION = YES;
				CLANG_WARN_OBJC_ROOT_CLASS = YES_ERROR;
				CLANG_WARN_SUSPICIOUS_MOVE = YES;
				CLANG_WARN_UNREACHABLE_CODE = YES;
				CLANG_WARN__DUPLICATE_METHOD_MATCH = YES;
				"CODE_SIGN_IDENTITY[sdk=iphoneos*]" = "iPhone Developer";
				COPY_PHASE_STRIP = NO;
				DEBUG_INFORMATION_FORMAT = "dwarf-with-dsym";
				ENABLE_NS_ASSERTIONS = NO;
				ENABLE_STRICT_OBJC_MSGSEND = YES;
				GCC_C_LANGUAGE_STANDARD = gnu99;
				GCC_NO_COMMON_BLOCKS = YES;
				GCC_WARN_64_TO_32_BIT_CONVERSION = YES;
				GCC_WARN_ABOUT_RETURN_TYPE = YES_ERROR;
				GCC_WARN_UNDECLARED_SELECTOR = YES;
				GCC_WARN_UNINITIALIZED_AUTOS = YES_AGGRESSIVE;
				GCC_WARN_UNUSED_FUNCTION = YES;
				GCC_WARN_UNUSED_VARIABLE = YES;
				IPHONEOS_DEPLOYMENT_TARGET = 10.2;
				MTL_ENABLE_DEBUG_INFO = NO;
				SDKROOT = iphoneos;
				SWIFT_OPTIMIZATION_LEVEL = "-Owholemodule";
				VALIDATE_PRODUCT = YES;
			};
			name = Release;
		};
		9152654B1E67659A00C2AFDA /* Debug */ = {
			isa = XCBuildConfiguration;
			buildSettings = {
				ASSETCATALOG_COMPILER_APPICON_NAME = AppIcon;
				DEVELOPMENT_TEAM = 56DQ8B5T2R;
				FRAMEWORK_SEARCH_PATHS = (
					"$(inherited)",
					"$(PROJECT_DIR)/swift-evolution",
					"$(PROJECT_DIR)/swift-evolution/frameworks",
					"$(PROJECT_DIR)/Carthage/Build/iOS",
				);
				INFOPLIST_FILE = "swift-evolution/supportingfiles/Info.plist";
				LD_RUNPATH_SEARCH_PATHS = "$(inherited) @executable_path/Frameworks";
				PRODUCT_BUNDLE_IDENTIFIER = "mobi.holanda.swift-evolution";
				PRODUCT_NAME = "$(TARGET_NAME)";
				PROVISIONING_PROFILE = "6264c081-fec2-4dc0-b00b-37b78675b319";
				PROVISIONING_PROFILE_SPECIFIER = "match Development mobi.holanda.swift-evolution";
				SWIFT_VERSION = 3.0;
			};
			name = Debug;
		};
		9152654C1E67659A00C2AFDA /* Release */ = {
			isa = XCBuildConfiguration;
			buildSettings = {
				ASSETCATALOG_COMPILER_APPICON_NAME = AppIcon;
				"CODE_SIGN_IDENTITY[sdk=iphoneos*]" = "iPhone Distribution";
				DEVELOPMENT_TEAM = 56DQ8B5T2R;
				FRAMEWORK_SEARCH_PATHS = (
					"$(inherited)",
					"$(PROJECT_DIR)/swift-evolution",
					"$(PROJECT_DIR)/swift-evolution/frameworks",
					"$(PROJECT_DIR)/Carthage/Build/iOS",
				);
				INFOPLIST_FILE = "swift-evolution/supportingfiles/Info.plist";
				LD_RUNPATH_SEARCH_PATHS = "$(inherited) @executable_path/Frameworks";
				PRODUCT_BUNDLE_IDENTIFIER = "mobi.holanda.swift-evolution";
				PRODUCT_NAME = "$(TARGET_NAME)";
				PROVISIONING_PROFILE = "82bc7169-bf93-4e9a-bf1b-1a5c51eade0e";
				PROVISIONING_PROFILE_SPECIFIER = "match AppStore mobi.holanda.swift-evolution";
				SWIFT_VERSION = 3.0;
			};
			name = Release;
		};
		9152654E1E67659A00C2AFDA /* Debug */ = {
			isa = XCBuildConfiguration;
			buildSettings = {
				ALWAYS_EMBED_SWIFT_STANDARD_LIBRARIES = YES;
				BUNDLE_LOADER = "$(TEST_HOST)";
				DEVELOPMENT_TEAM = 56DQ8B5T2R;
				INFOPLIST_FILE = "swift-evolutionTests/Info.plist";
				LD_RUNPATH_SEARCH_PATHS = "$(inherited) @executable_path/Frameworks @loader_path/Frameworks";
				PRODUCT_BUNDLE_IDENTIFIER = "mobi.holanda.swift-evolutionTests";
				PRODUCT_NAME = "$(TARGET_NAME)";
				SWIFT_VERSION = 3.0;
				TEST_HOST = "$(BUILT_PRODUCTS_DIR)/swift-evolution.app/swift-evolution";
			};
			name = Debug;
		};
		9152654F1E67659A00C2AFDA /* Release */ = {
			isa = XCBuildConfiguration;
			buildSettings = {
				ALWAYS_EMBED_SWIFT_STANDARD_LIBRARIES = YES;
				BUNDLE_LOADER = "$(TEST_HOST)";
				DEVELOPMENT_TEAM = 56DQ8B5T2R;
				INFOPLIST_FILE = "swift-evolutionTests/Info.plist";
				LD_RUNPATH_SEARCH_PATHS = "$(inherited) @executable_path/Frameworks @loader_path/Frameworks";
				PRODUCT_BUNDLE_IDENTIFIER = "mobi.holanda.swift-evolutionTests";
				PRODUCT_NAME = "$(TARGET_NAME)";
				SWIFT_VERSION = 3.0;
				TEST_HOST = "$(BUILT_PRODUCTS_DIR)/swift-evolution.app/swift-evolution";
			};
			name = Release;
		};
		915265511E67659A00C2AFDA /* Debug */ = {
			isa = XCBuildConfiguration;
			buildSettings = {
				ALWAYS_EMBED_SWIFT_STANDARD_LIBRARIES = YES;
				DEVELOPMENT_TEAM = 56DQ8B5T2R;
				INFOPLIST_FILE = "swift-evolutionUITests/Info.plist";
				LD_RUNPATH_SEARCH_PATHS = "$(inherited) @executable_path/Frameworks @loader_path/Frameworks";
				PRODUCT_BUNDLE_IDENTIFIER = "mobi.holanda.swift-evolutionUITests";
				PRODUCT_NAME = "$(TARGET_NAME)";
				SWIFT_VERSION = 3.0;
				TEST_TARGET_NAME = "swift-evolution";
			};
			name = Debug;
		};
		915265521E67659A00C2AFDA /* Release */ = {
			isa = XCBuildConfiguration;
			buildSettings = {
				ALWAYS_EMBED_SWIFT_STANDARD_LIBRARIES = YES;
				DEVELOPMENT_TEAM = 56DQ8B5T2R;
				INFOPLIST_FILE = "swift-evolutionUITests/Info.plist";
				LD_RUNPATH_SEARCH_PATHS = "$(inherited) @executable_path/Frameworks @loader_path/Frameworks";
				PRODUCT_BUNDLE_IDENTIFIER = "mobi.holanda.swift-evolutionUITests";
				PRODUCT_NAME = "$(TARGET_NAME)";
				SWIFT_VERSION = 3.0;
				TEST_TARGET_NAME = "swift-evolution";
			};
			name = Release;
		};
/* End XCBuildConfiguration section */

/* Begin XCConfigurationList section */
		9152651D1E67659900C2AFDA /* Build configuration list for PBXProject "swift-evolution" */ = {
			isa = XCConfigurationList;
			buildConfigurations = (
				915265481E67659A00C2AFDA /* Debug */,
				915265491E67659A00C2AFDA /* Release */,
			);
			defaultConfigurationIsVisible = 0;
			defaultConfigurationName = Release;
		};
		9152654A1E67659A00C2AFDA /* Build configuration list for PBXNativeTarget "swift-evolution" */ = {
			isa = XCConfigurationList;
			buildConfigurations = (
				9152654B1E67659A00C2AFDA /* Debug */,
				9152654C1E67659A00C2AFDA /* Release */,
			);
			defaultConfigurationIsVisible = 0;
			defaultConfigurationName = Release;
		};
		9152654D1E67659A00C2AFDA /* Build configuration list for PBXNativeTarget "swift-evolutionTests" */ = {
			isa = XCConfigurationList;
			buildConfigurations = (
				9152654E1E67659A00C2AFDA /* Debug */,
				9152654F1E67659A00C2AFDA /* Release */,
			);
			defaultConfigurationIsVisible = 0;
			defaultConfigurationName = Release;
		};
		915265501E67659A00C2AFDA /* Build configuration list for PBXNativeTarget "swift-evolutionUITests" */ = {
			isa = XCConfigurationList;
			buildConfigurations = (
				915265511E67659A00C2AFDA /* Debug */,
				915265521E67659A00C2AFDA /* Release */,
			);
			defaultConfigurationIsVisible = 0;
			defaultConfigurationName = Release;
		};
/* End XCConfigurationList section */
	};
	rootObject = 9152651A1E67659900C2AFDA /* Project object */;
}
